// !$*UTF8*$!
{
	archiveVersion = 1;
	classes = {
	};
	objectVersion = 46;
	objects = {

/* Begin PBXBuildFile section */
		3D05C3F5088875CD00DA756A /* Credits.html in Resources */ = {isa = PBXBuildFile; fileRef = 3D05C3F4088875CD00DA756A /* Credits.html */; };
		3D05C45E08888A1600DA756A /* UKDocumentationController.h in Headers */ = {isa = PBXBuildFile; fileRef = 3D05C45C08888A1600DA756A /* UKDocumentationController.h */; };
		3D05C45F08888A1600DA756A /* UKDocumentationController.m in Sources */ = {isa = PBXBuildFile; fileRef = 3D05C45D08888A1600DA756A /* UKDocumentationController.m */; };
		3D05C49D0888C68C00DA756A /* Moose Help in Resources */ = {isa = PBXBuildFile; fileRef = 3D05C4910888C68C00DA756A /* Moose Help */; };
		3D1E8E820CE29C5200334A8E /* loud.png in Resources */ = {isa = PBXBuildFile; fileRef = 3D1E8E810CE29C5200334A8E /* loud.png */; };
		3D1E8E840CE29C6200334A8E /* quiet.png in Resources */ = {isa = PBXBuildFile; fileRef = 3D1E8E830CE29C6200334A8E /* quiet.png */; };
		3D55636A09CB4E7B002608B2 /* UKAboutBox.m in Sources */ = {isa = PBXBuildFile; fileRef = 3D55636809CB4E7B002608B2 /* UKAboutBox.m */; };
		3D55636B09CB4E7B002608B2 /* UKAboutBox.h in Headers */ = {isa = PBXBuildFile; fileRef = 3D55636909CB4E7B002608B2 /* UKAboutBox.h */; };
		3D56781E0994F2D8008FDECF /* UKCrashReporter.m in Sources */ = {isa = PBXBuildFile; fileRef = 3D56781C0994F2D8008FDECF /* UKCrashReporter.m */; };
		3D56781F0994F2D8008FDECF /* UKCrashReporter.h in Headers */ = {isa = PBXBuildFile; fileRef = 3D56781D0994F2D8008FDECF /* UKCrashReporter.h */; };
		3D567A190994FACB008FDECF /* UKCrashReporter.strings in Resources */ = {isa = PBXBuildFile; fileRef = 3D567A170994FACB008FDECF /* UKCrashReporter.strings */; };
		3D6439C60813BE0900B7779A /* Localizable.strings in Resources */ = {isa = PBXBuildFile; fileRef = 3D6439C50813BE0900B7779A /* Localizable.strings */; };
		3D73E1E0088557C80067BEE3 /* PrefsTitle.png in Resources */ = {isa = PBXBuildFile; fileRef = 3D73E1DF088557C80067BEE3 /* PrefsTitle.png */; };
		3D73E1F8088559F00067BEE3 /* window_bg.png in Resources */ = {isa = PBXBuildFile; fileRef = 3D73E1F7088559F00067BEE3 /* window_bg.png */; };
		3D791E9A0798EBB3009BA042 /* tylerui_zoombox.png in Resources */ = {isa = PBXBuildFile; fileRef = 3D791E970798EBB3009BA042 /* tylerui_zoombox.png */; };
		3D791E9B0798EBB3009BA042 /* tylerui_growbox.png in Resources */ = {isa = PBXBuildFile; fileRef = 3D791E980798EBB3009BA042 /* tylerui_growbox.png */; };
		3D8749A706CB0252007D365E /* Phrases in Resources */ = {isa = PBXBuildFile; fileRef = 3D87498B06CB0252007D365E /* Phrases */; };
		3D8CABC90CE4F7970046B187 /* UKMouthShape.h in Headers */ = {isa = PBXBuildFile; fileRef = 3D8CABC50CE4F7970046B187 /* UKMouthShape.h */; };
		3D8CABCA0CE4F7970046B187 /* UKMouthShape.m in Sources */ = {isa = PBXBuildFile; fileRef = 3D8CABC60CE4F7970046B187 /* UKMouthShape.m */; };
		3D8CABCB0CE4F7970046B187 /* UKMooseMouthImageRep.h in Headers */ = {isa = PBXBuildFile; fileRef = 3D8CABC70CE4F7970046B187 /* UKMooseMouthImageRep.h */; };
		3D8CABCC0CE4F7970046B187 /* UKMooseMouthImageRep.m in Sources */ = {isa = PBXBuildFile; fileRef = 3D8CABC80CE4F7970046B187 /* UKMooseMouthImageRep.m */; };
		3D8CABFE0CE5C97B0046B187 /* ApplicationServices.framework in Frameworks */ = {isa = PBXBuildFile; fileRef = 3D8CABFD0CE5C97B0046B187 /* ApplicationServices.framework */; };
		3D8CAD160CE5E80C0046B187 /* UKNibOwner.m in Sources */ = {isa = PBXBuildFile; fileRef = 3D8CAD140CE5E80C0046B187 /* UKNibOwner.m */; };
		3D8CAD170CE5E80C0046B187 /* UKNibOwner.h in Headers */ = {isa = PBXBuildFile; fileRef = 3D8CAD150CE5E80C0046B187 /* UKNibOwner.h */; };
		3D8CADEB0CE6450E0046B187 /* AddressBook.framework in Frameworks */ = {isa = PBXBuildFile; fileRef = 3D8CADEA0CE6450E0046B187 /* AddressBook.framework */; };
		3DA3544F08841AB400825D47 /* UKApplicationListController.h in Headers */ = {isa = PBXBuildFile; fileRef = 3DA3544D08841AB400825D47 /* UKApplicationListController.h */; };
		3DA3545008841AB400825D47 /* UKApplicationListController.m in Sources */ = {isa = PBXBuildFile; fileRef = 3DA3544E08841AB400825D47 /* UKApplicationListController.m */; };
		3DA3554F0884740F00825D47 /* MoosePhraseFileIcon.icns in Resources */ = {isa = PBXBuildFile; fileRef = 3DA3554E0884740F00825D47 /* MoosePhraseFileIcon.icns */; };
		3DBE7AC60B9E278B00526251 /* UKSplotchChatterbot.h in Headers */ = {isa = PBXBuildFile; fileRef = 3D87480606C6C819007D365E /* UKSplotchChatterbot.h */; };
		3DBE7AC70B9E278B00526251 /* UKSplotchChatterbot.m in Sources */ = {isa = PBXBuildFile; fileRef = 3D87480706C6C819007D365E /* UKSplotchChatterbot.m */; };
		3DBE7AC80B9E279400526251 /* UKSplotchSynonyms.plist in Resources */ = {isa = PBXBuildFile; fileRef = 3D87481C06CB022D007D365E /* UKSplotchSynonyms.plist */; };
		3DBE7AC90B9E279500526251 /* UKSplotchMainDictionary.plist in Resources */ = {isa = PBXBuildFile; fileRef = 3D874E2506CC14C5007D365E /* UKSplotchMainDictionary.plist */; };
		3DBE7C2F0B9E499400526251 /* UKSplotchPlaces.plist in Resources */ = {isa = PBXBuildFile; fileRef = 3DBE7C2C0B9E499400526251 /* UKSplotchPlaces.plist */; };
		3DBE7C300B9E499400526251 /* UKSplotchSchoolClasses.plist in Resources */ = {isa = PBXBuildFile; fileRef = 3DBE7C2D0B9E499400526251 /* UKSplotchSchoolClasses.plist */; };
		3DBE7C310B9E499400526251 /* UKSplotchAnimals.plist in Resources */ = {isa = PBXBuildFile; fileRef = 3DBE7C2E0B9E499400526251 /* UKSplotchAnimals.plist */; };
		3DBE7C3C0B9E4B0800526251 /* UKSplotchProfessions.plist in Resources */ = {isa = PBXBuildFile; fileRef = 3DBE7C3B0B9E4B0800526251 /* UKSplotchProfessions.plist */; };
		3DBE7C480B9E4EF600526251 /* UKSplotchPeople.plist in Resources */ = {isa = PBXBuildFile; fileRef = 3DBE7C470B9E4EF600526251 /* UKSplotchPeople.plist */; };
		3DBE7C610B9E539800526251 /* UKSplotchWeather.plist in Resources */ = {isa = PBXBuildFile; fileRef = 3DBE7C5E0B9E539800526251 /* UKSplotchWeather.plist */; };
		3DBE7C620B9E539800526251 /* UKSplotchFood.plist in Resources */ = {isa = PBXBuildFile; fileRef = 3DBE7C5F0B9E539800526251 /* UKSplotchFood.plist */; };
		3DBE7C630B9E539800526251 /* UKSplotchLiquids.plist in Resources */ = {isa = PBXBuildFile; fileRef = 3DBE7C600B9E539800526251 /* UKSplotchLiquids.plist */; };
		3DC2F8910798039800423F0A /* Carbon.framework in Frameworks */ = {isa = PBXBuildFile; fileRef = 3DC2F8900798039800423F0A /* Carbon.framework */; };
		3DDA3E8F0CD9FAE000FE033D /* UKHelperMacros.h in Headers */ = {isa = PBXBuildFile; fileRef = 3DDA3E8E0CD9FAE000FE033D /* UKHelperMacros.h */; };
		3DDF4F3A09D6B9180033B811 /* UKCarbonEventHandler.h in Headers */ = {isa = PBXBuildFile; fileRef = 3DDF4F3809D6B9180033B811 /* UKCarbonEventHandler.h */; };
		3DDF4F3B09D6B9180033B811 /* UKCarbonEventHandler.m in Sources */ = {isa = PBXBuildFile; fileRef = 3DDF4F3909D6B9180033B811 /* UKCarbonEventHandler.m */; };
		3DE190010A275D750040D274 /* NSScreen+ScreenAtPoint.h in Headers */ = {isa = PBXBuildFile; fileRef = 3DE18FFF0A275D750040D274 /* NSScreen+ScreenAtPoint.h */; };
		3DE190020A275D750040D274 /* NSScreen+ScreenAtPoint.m in Sources */ = {isa = PBXBuildFile; fileRef = 3DE190000A275D750040D274 /* NSScreen+ScreenAtPoint.m */; };
		3DE61B450869B176002EC36A /* svn_version.h in Headers */ = {isa = PBXBuildFile; fileRef = 3DE61B440869B176002EC36A /* svn_version.h */; };
		3DF412D00796A168002DE6EF /* MiniMoose.tiff in Resources */ = {isa = PBXBuildFile; fileRef = 3DF412CF0796A168002DE6EF /* MiniMoose.tiff */; };
		3DF412ED0796B9D0002DE6EF /* BandAid.tiff in Resources */ = {isa = PBXBuildFile; fileRef = 3DF412EC0796B9D0002DE6EF /* BandAid.tiff */; };
		3DF413B10796FE2F002DE6EF /* MooseAnim.icns in Resources */ = {isa = PBXBuildFile; fileRef = 3DF413B00796FE2F002DE6EF /* MooseAnim.icns */; };
		3DF413D307970106002DE6EF /* NSFileManager+CreateDirectoriesForPath.h in Headers */ = {isa = PBXBuildFile; fileRef = 3DF413D107970106002DE6EF /* NSFileManager+CreateDirectoriesForPath.h */; };
		3DF413D407970106002DE6EF /* NSFileManager+CreateDirectoriesForPath.m in Sources */ = {isa = PBXBuildFile; fileRef = 3DF413D207970106002DE6EF /* NSFileManager+CreateDirectoriesForPath.m */; };
		3DF41D480797264E002DE6EF /* Moose.scriptSuite in Resources */ = {isa = PBXBuildFile; fileRef = 3DF41D460797264E002DE6EF /* Moose.scriptSuite */; };
		3DF41D490797264E002DE6EF /* Moose.scriptTerminology in Resources */ = {isa = PBXBuildFile; fileRef = 3DF41D470797264E002DE6EF /* Moose.scriptTerminology */; };
		3DF41EE90797466B002DE6EF /* UKSpeakStringCommand.h in Headers */ = {isa = PBXBuildFile; fileRef = 3DF41EE70797466B002DE6EF /* UKSpeakStringCommand.h */; };
		3DF41EEA0797466B002DE6EF /* UKSpeakStringCommand.m in Sources */ = {isa = PBXBuildFile; fileRef = 3DF41EE80797466B002DE6EF /* UKSpeakStringCommand.m */; };
		3DF41F3607974CAE002DE6EF /* UKSpeakRandomPhraseCommand.m in Sources */ = {isa = PBXBuildFile; fileRef = 3DF41F3407974CAE002DE6EF /* UKSpeakRandomPhraseCommand.m */; };
		3DF41F3707974CAE002DE6EF /* UKSpeakRandomPhraseCommand.h in Headers */ = {isa = PBXBuildFile; fileRef = 3DF41F3507974CAE002DE6EF /* UKSpeakRandomPhraseCommand.h */; };
		3DF41F7307975218002DE6EF /* UKDisableSpeechCommand.h in Headers */ = {isa = PBXBuildFile; fileRef = 3DF41F6F07975218002DE6EF /* UKDisableSpeechCommand.h */; };
		3DF41F7407975218002DE6EF /* UKEnableSpeechCommand.h in Headers */ = {isa = PBXBuildFile; fileRef = 3DF41F7007975218002DE6EF /* UKEnableSpeechCommand.h */; };
		3DF41F7507975218002DE6EF /* UKEnableSpeechCommand.m in Sources */ = {isa = PBXBuildFile; fileRef = 3DF41F7107975218002DE6EF /* UKEnableSpeechCommand.m */; };
		3DF41F7607975218002DE6EF /* UKDisableSpeechCommand.m in Sources */ = {isa = PBXBuildFile; fileRef = 3DF41F7207975218002DE6EF /* UKDisableSpeechCommand.m */; };
		3DF5B7F10AA830D1000D2302 /* minus-8.png in Resources */ = {isa = PBXBuildFile; fileRef = 3DF5B7ED0AA830D1000D2302 /* minus-8.png */; };
		3DF5B7F20AA830D1000D2302 /* plus-8.png in Resources */ = {isa = PBXBuildFile; fileRef = 3DF5B7EF0AA830D1000D2302 /* plus-8.png */; };
		3DF5B8030AA83246000D2302 /* UKSystemInfo.m in Sources */ = {isa = PBXBuildFile; fileRef = 3DF5B8010AA83246000D2302 /* UKSystemInfo.m */; };
		3DF5B8040AA83246000D2302 /* UKSystemInfo.h in Headers */ = {isa = PBXBuildFile; fileRef = 3DF5B8020AA83246000D2302 /* UKSystemInfo.h */; };
		3DF9CB4309C741C800C7BBA8 /* PTHotKey.h in Headers */ = {isa = PBXBuildFile; fileRef = 3DF9CB3709C741C800C7BBA8 /* PTHotKey.h */; };
		3DF9CB4409C741C800C7BBA8 /* PTHotKey.m in Sources */ = {isa = PBXBuildFile; fileRef = 3DF9CB3809C741C800C7BBA8 /* PTHotKey.m */; };
		3DF9CB4509C741C800C7BBA8 /* PTHotKeyCenter.h in Headers */ = {isa = PBXBuildFile; fileRef = 3DF9CB3909C741C800C7BBA8 /* PTHotKeyCenter.h */; };
		3DF9CB4609C741C800C7BBA8 /* PTHotKeyCenter.m in Sources */ = {isa = PBXBuildFile; fileRef = 3DF9CB3A09C741C800C7BBA8 /* PTHotKeyCenter.m */; };
		3DF9CB4709C741C800C7BBA8 /* PTKeyBroadcaster.h in Headers */ = {isa = PBXBuildFile; fileRef = 3DF9CB3B09C741C800C7BBA8 /* PTKeyBroadcaster.h */; };
		3DF9CB4809C741C800C7BBA8 /* PTKeyBroadcaster.m in Sources */ = {isa = PBXBuildFile; fileRef = 3DF9CB3C09C741C800C7BBA8 /* PTKeyBroadcaster.m */; };
		3DF9CB4909C741C800C7BBA8 /* PTKeyCodeTranslator.h in Headers */ = {isa = PBXBuildFile; fileRef = 3DF9CB3D09C741C800C7BBA8 /* PTKeyCodeTranslator.h */; };
		3DF9CB4A09C741C800C7BBA8 /* PTKeyCodeTranslator.m in Sources */ = {isa = PBXBuildFile; fileRef = 3DF9CB3E09C741C800C7BBA8 /* PTKeyCodeTranslator.m */; };
		3DF9CB4B09C741C800C7BBA8 /* PTKeyCombo.h in Headers */ = {isa = PBXBuildFile; fileRef = 3DF9CB3F09C741C800C7BBA8 /* PTKeyCombo.h */; };
		3DF9CB4C09C741C800C7BBA8 /* PTKeyCombo.m in Sources */ = {isa = PBXBuildFile; fileRef = 3DF9CB4009C741C800C7BBA8 /* PTKeyCombo.m */; };
		3DF9CB4D09C741C800C7BBA8 /* PTKeyComboPanel.h in Headers */ = {isa = PBXBuildFile; fileRef = 3DF9CB4109C741C800C7BBA8 /* PTKeyComboPanel.h */; };
		3DF9CB4E09C741C800C7BBA8 /* PTKeyComboPanel.m in Sources */ = {isa = PBXBuildFile; fileRef = 3DF9CB4209C741C800C7BBA8 /* PTKeyComboPanel.m */; };
		3DF9CB5309C7422800C7BBA8 /* PTKeyCodes.plist in Resources */ = {isa = PBXBuildFile; fileRef = 3DF9CB4F09C7422800C7BBA8 /* PTKeyCodes.plist */; };
		3DF9CB5409C7422800C7BBA8 /* PTKeyComboPanel.nib in Resources */ = {isa = PBXBuildFile; fileRef = 3DF9CB5109C7422800C7BBA8 /* PTKeyComboPanel.nib */; };
		3DF9CB5A09C7423600C7BBA8 /* PTKeyboardIcon.tiff in Resources */ = {isa = PBXBuildFile; fileRef = 3DF9CB5909C7423600C7BBA8 /* PTKeyboardIcon.tiff */; };
		553852A821E0E81E00AF7F69 /* UKApplicationListController.m in Sources */ = {isa = PBXBuildFile; fileRef = 3DA3544E08841AB400825D47 /* UKApplicationListController.m */; };
		553E5081161496C100272749 /* ServiceManagement.framework in Frameworks */ = {isa = PBXBuildFile; fileRef = 553E5080161496C100272749 /* ServiceManagement.framework */; };
		556BA53821FC729800123C79 /* RCKXACKVZS.com.thevoidsoftware.talkingmoose.macosx.helper.app in Copy Login Agent */ = {isa = PBXBuildFile; fileRef = 55CD5BD321DFFDA700B5E004 /* RCKXACKVZS.com.thevoidsoftware.talkingmoose.macosx.helper.app */; settings = {ATTRIBUTES = (RemoveHeadersOnCopy, ); }; };
		557FD0C20E56FB0C000A1A11 /* UKMooseDragAreaView.h in Headers */ = {isa = PBXBuildFile; fileRef = 557FD0C00E56FB0C000A1A11 /* UKMooseDragAreaView.h */; };
		557FD0C30E56FB0C000A1A11 /* UKMooseDragAreaView.m in Sources */ = {isa = PBXBuildFile; fileRef = 557FD0C10E56FB0C000A1A11 /* UKMooseDragAreaView.m */; };
		558FD4001115DE80008D69DC /* GoodbyeOldFriend.png in Resources */ = {isa = PBXBuildFile; fileRef = 558FD3FF1115DE80008D69DC /* GoodbyeOldFriend.png */; };
		55991E2E21EA4A7D0016DAB9 /* Animations in Resources */ = {isa = PBXBuildFile; fileRef = 3D87481E06CB0250007D365E /* Animations */; };
		55991E2F21EA4AC10016DAB9 /* Localizable.strings in Resources */ = {isa = PBXBuildFile; fileRef = 3D6439C50813BE0900B7779A /* Localizable.strings */; };
		559D6D0016160B83001E1D91 /* UKCrashReporter.xib in Resources */ = {isa = PBXBuildFile; fileRef = 559D6CFC16160B83001E1D91 /* UKCrashReporter.xib */; };
		559D6D0116160B83001E1D91 /* UKSpeechSettingsView.xib in Resources */ = {isa = PBXBuildFile; fileRef = 559D6CFE16160B83001E1D91 /* UKSpeechSettingsView.xib */; };
		55A660CB110A4F7700FE0723 /* UKWindowDraggingImageView.h in Headers */ = {isa = PBXBuildFile; fileRef = 55A660C9110A4F7700FE0723 /* UKWindowDraggingImageView.h */; };
		55A660CC110A4F7700FE0723 /* UKWindowDraggingImageView.m in Sources */ = {isa = PBXBuildFile; fileRef = 55A660CA110A4F7700FE0723 /* UKWindowDraggingImageView.m */; };
		55A66103110A559100FE0723 /* UKTabViewSwitchingSourceViewController.h in Headers */ = {isa = PBXBuildFile; fileRef = 55A66101110A559100FE0723 /* UKTabViewSwitchingSourceViewController.h */; };
		55A66104110A559100FE0723 /* UKTabViewSwitchingSourceViewController.m in Sources */ = {isa = PBXBuildFile; fileRef = 55A66102110A559100FE0723 /* UKTabViewSwitchingSourceViewController.m */; };
		55A66108110A55B900FE0723 /* UKWindowBodyView.h in Headers */ = {isa = PBXBuildFile; fileRef = 55A66106110A55B900FE0723 /* UKWindowBodyView.h */; };
		55A66109110A55B900FE0723 /* UKWindowBodyView.m in Sources */ = {isa = PBXBuildFile; fileRef = 55A66107110A55B900FE0723 /* UKWindowBodyView.m */; };
		55A66145110A63C200FE0723 /* NSBezierPathCappedBoxes.h in Headers */ = {isa = PBXBuildFile; fileRef = 55A66141110A63C200FE0723 /* NSBezierPathCappedBoxes.h */; };
		55A66146110A63C200FE0723 /* NSBezierPathCappedBoxes.m in Sources */ = {isa = PBXBuildFile; fileRef = 55A66142110A63C200FE0723 /* NSBezierPathCappedBoxes.m */; };
		55A66147110A63C200FE0723 /* UKFinderIconCell.h in Headers */ = {isa = PBXBuildFile; fileRef = 55A66143110A63C200FE0723 /* UKFinderIconCell.h */; };
		55A66148110A63C200FE0723 /* UKFinderIconCell.m in Sources */ = {isa = PBXBuildFile; fileRef = 55A66144110A63C200FE0723 /* UKFinderIconCell.m */; };
		55CD5BD721DFFDA700B5E004 /* ULIMooseHelperAppDelegate.m in Sources */ = {isa = PBXBuildFile; fileRef = 55CD5BD621DFFDA700B5E004 /* ULIMooseHelperAppDelegate.m */; };
		55CD5BDC21DFFDAA00B5E004 /* MainMenu.xib in Resources */ = {isa = PBXBuildFile; fileRef = 55CD5BDA21DFFDAA00B5E004 /* MainMenu.xib */; };
		55CD5BDF21DFFDAA00B5E004 /* main.m in Sources */ = {isa = PBXBuildFile; fileRef = 55CD5BDE21DFFDAA00B5E004 /* main.m */; };
		55CD5BE421DFFE9A00B5E004 /* UKMooseController.m in Sources */ = {isa = PBXBuildFile; fileRef = 5BBD986F06B07F7800FFE801 /* UKMooseController.m */; };
		55CD5BE521DFFE9E00B5E004 /* UKPhraseDatabase.m in Sources */ = {isa = PBXBuildFile; fileRef = 5BBD987606B07F7900FFE801 /* UKPhraseDatabase.m */; };
		55CD5BE621DFFEA400B5E004 /* UKGroupFile.m in Sources */ = {isa = PBXBuildFile; fileRef = 5BBD988406B07F9E00FFE801 /* UKGroupFile.m */; };
		55CD5BE721DFFEAC00B5E004 /* UKMooseDragAreaView.m in Sources */ = {isa = PBXBuildFile; fileRef = 557FD0C10E56FB0C000A1A11 /* UKMooseDragAreaView.m */; };
		55CD5BE821DFFEB100B5E004 /* UKRecordedSpeechChannel.m in Sources */ = {isa = PBXBuildFile; fileRef = 55F8CAC80E65F01C00DCF0D2 /* UKRecordedSpeechChannel.m */; };
		55CD5BE921DFFEB700B5E004 /* UKMooseMouthImageRep.m in Sources */ = {isa = PBXBuildFile; fileRef = 3D8CABC80CE4F7970046B187 /* UKMooseMouthImageRep.m */; };
		55CD5BEA21DFFEBA00B5E004 /* UKMouthShape.m in Sources */ = {isa = PBXBuildFile; fileRef = 3D8CABC60CE4F7970046B187 /* UKMouthShape.m */; };
		55CD5BEB21DFFEF600B5E004 /* UKBorderlessWindow.m in Sources */ = {isa = PBXBuildFile; fileRef = 5BBD98A006B07FE500FFE801 /* UKBorderlessWindow.m */; };
		55CD5BEC21DFFEFB00B5E004 /* NSFileManager+CreateDirectoriesForPath.m in Sources */ = {isa = PBXBuildFile; fileRef = 3DF413D207970106002DE6EF /* NSFileManager+CreateDirectoriesForPath.m */; };
		55CD5BED21DFFF0300B5E004 /* UKClickableImageView.m in Sources */ = {isa = PBXBuildFile; fileRef = 5BBD988C06B07F9E00FFE801 /* UKClickableImageView.m */; };
		55CD5BEE21DFFF0A00B5E004 /* UKWindowDraggingImageView.m in Sources */ = {isa = PBXBuildFile; fileRef = 55A660CA110A4F7700FE0723 /* UKWindowDraggingImageView.m */; };
		55CD5BEF21DFFF1300B5E004 /* UKIdleTimer.m in Sources */ = {isa = PBXBuildFile; fileRef = 5BBD988206B07F9E00FFE801 /* UKIdleTimer.m */; };
		55CD5BF021E00BD500B5E004 /* UKSpeechSettingsView.m in Sources */ = {isa = PBXBuildFile; fileRef = 5BBD986D06B07F7800FFE801 /* UKSpeechSettingsView.m */; };
		55CD5BF121E0178200B5E004 /* UKCrashReporter.m in Sources */ = {isa = PBXBuildFile; fileRef = 3D56781C0994F2D8008FDECF /* UKCrashReporter.m */; };
		55CD5BF321E017AB00B5E004 /* UKCrashReporter.strings in Resources */ = {isa = PBXBuildFile; fileRef = 3D567A170994FACB008FDECF /* UKCrashReporter.strings */; };
		55CD5BF421E017BA00B5E004 /* UKCrashReporter.xib in Resources */ = {isa = PBXBuildFile; fileRef = 559D6CFC16160B83001E1D91 /* UKCrashReporter.xib */; };
		55CD5BF521E017EA00B5E004 /* UKSystemInfo.m in Sources */ = {isa = PBXBuildFile; fileRef = 3DF5B8010AA83246000D2302 /* UKSystemInfo.m */; };
		55CD5BF621E017F300B5E004 /* UKNibOwner.m in Sources */ = {isa = PBXBuildFile; fileRef = 3D8CAD140CE5E80C0046B187 /* UKNibOwner.m */; };
		55CD5BF721E018B600B5E004 /* tylerui_zoombox.png in Resources */ = {isa = PBXBuildFile; fileRef = 3D791E970798EBB3009BA042 /* tylerui_zoombox.png */; };
		55CD5BF821E018B900B5E004 /* tylerui_growbox.png in Resources */ = {isa = PBXBuildFile; fileRef = 3D791E980798EBB3009BA042 /* tylerui_growbox.png */; };
		55CD5BFA21E0197600B5E004 /* Animations in Resources */ = {isa = PBXBuildFile; fileRef = 3D87481E06CB0250007D365E /* Animations */; };
		55CD5BFB21E0197E00B5E004 /* Phrases in Resources */ = {isa = PBXBuildFile; fileRef = 3D87498B06CB0252007D365E /* Phrases */; };
		55CD5BFC21E019D300B5E004 /* NSImage+NiceScaling.m in Sources */ = {isa = PBXBuildFile; fileRef = 5BBD988D06B07F9E00FFE801 /* NSImage+NiceScaling.m */; };
		55DBFB290C175901007D400D /* UKMoosePhraseologyDelegate.h in Headers */ = {isa = PBXBuildFile; fileRef = 55DBFB270C175901007D400D /* UKMoosePhraseologyDelegate.h */; };
		55DBFB2A0C175901007D400D /* UKMoosePhraseologyDelegate.m in Sources */ = {isa = PBXBuildFile; fileRef = 55DBFB280C175901007D400D /* UKMoosePhraseologyDelegate.m */; };
		55E27CA60E635104003A077C /* Blech.m4a in Resources */ = {isa = PBXBuildFile; fileRef = 55E27CA50E635104003A077C /* Blech.m4a */; };
		55ECF49721E062EE00792012 /* MooseAlphaIcon.icns in Resources */ = {isa = PBXBuildFile; fileRef = 5BBD988506B07F9E00FFE801 /* MooseAlphaIcon.icns */; };
		55F3136E1127FBCD00BC5C68 /* MainMenu.xib in Resources */ = {isa = PBXBuildFile; fileRef = 55F3136C1127FBCD00BC5C68 /* MainMenu.xib */; };
		55F8CAC90E65F01C00DCF0D2 /* UKRecordedSpeechChannel.h in Headers */ = {isa = PBXBuildFile; fileRef = 55F8CAC70E65F01C00DCF0D2 /* UKRecordedSpeechChannel.h */; };
		55F8CACA0E65F01C00DCF0D2 /* UKRecordedSpeechChannel.m in Sources */ = {isa = PBXBuildFile; fileRef = 55F8CAC80E65F01C00DCF0D2 /* UKRecordedSpeechChannel.m */; };
		55F8CB140E66043300DCF0D2 /* SpokenString.plist in Resources */ = {isa = PBXBuildFile; fileRef = 55F8CB120E66043300DCF0D2 /* SpokenString.plist */; };
		55F8CB150E66043300DCF0D2 /* SpokenString.aiff in Resources */ = {isa = PBXBuildFile; fileRef = 55F8CB130E66043300DCF0D2 /* SpokenString.aiff */; };
		5BBD987706B07F7900FFE801 /* UKSpeechSettingsView.m in Sources */ = {isa = PBXBuildFile; fileRef = 5BBD986D06B07F7800FFE801 /* UKSpeechSettingsView.m */; };
		5BBD987806B07F7900FFE801 /* UKPhraseDatabase.h in Headers */ = {isa = PBXBuildFile; fileRef = 5BBD986E06B07F7800FFE801 /* UKPhraseDatabase.h */; };
		5BBD987906B07F7900FFE801 /* UKMooseController.m in Sources */ = {isa = PBXBuildFile; fileRef = 5BBD986F06B07F7800FFE801 /* UKMooseController.m */; };
		5BBD987B06B07F7900FFE801 /* UKMooseAppDelegate.h in Headers */ = {isa = PBXBuildFile; fileRef = 5BBD987106B07F7900FFE801 /* UKMooseAppDelegate.h */; };
		5BBD987C06B07F7900FFE801 /* UKSpeechSettingsView.h in Headers */ = {isa = PBXBuildFile; fileRef = 5BBD987206B07F7900FFE801 /* UKSpeechSettingsView.h */; };
		5BBD987E06B07F7900FFE801 /* UKMooseController.h in Headers */ = {isa = PBXBuildFile; fileRef = 5BBD987406B07F7900FFE801 /* UKMooseController.h */; };
		5BBD987F06B07F7900FFE801 /* UKMooseAppDelegate.m in Sources */ = {isa = PBXBuildFile; fileRef = 5BBD987506B07F7900FFE801 /* UKMooseAppDelegate.m */; };
		5BBD988006B07F7900FFE801 /* UKPhraseDatabase.m in Sources */ = {isa = PBXBuildFile; fileRef = 5BBD987606B07F7900FFE801 /* UKPhraseDatabase.m */; };
		5BBD988F06B07F9F00FFE801 /* UKIdleTimer.m in Sources */ = {isa = PBXBuildFile; fileRef = 5BBD988206B07F9E00FFE801 /* UKIdleTimer.m */; };
		5BBD989006B07F9F00FFE801 /* NSArray+Color.h in Headers */ = {isa = PBXBuildFile; fileRef = 5BBD988306B07F9E00FFE801 /* NSArray+Color.h */; };
		5BBD989106B07F9F00FFE801 /* UKGroupFile.m in Sources */ = {isa = PBXBuildFile; fileRef = 5BBD988406B07F9E00FFE801 /* UKGroupFile.m */; };
		5BBD989206B07F9F00FFE801 /* MooseAlphaIcon.icns in Resources */ = {isa = PBXBuildFile; fileRef = 5BBD988506B07F9E00FFE801 /* MooseAlphaIcon.icns */; };
		5BBD989306B07F9F00FFE801 /* NSArray+Color.m in Sources */ = {isa = PBXBuildFile; fileRef = 5BBD988606B07F9E00FFE801 /* NSArray+Color.m */; };
		5BBD989406B07F9F00FFE801 /* UKIdleTimer.h in Headers */ = {isa = PBXBuildFile; fileRef = 5BBD988706B07F9E00FFE801 /* UKIdleTimer.h */; };
		5BBD989506B07F9F00FFE801 /* UKClickableImageView.h in Headers */ = {isa = PBXBuildFile; fileRef = 5BBD988806B07F9E00FFE801 /* UKClickableImageView.h */; };
		5BBD989606B07F9F00FFE801 /* NSImage+NiceScaling.h in Headers */ = {isa = PBXBuildFile; fileRef = 5BBD988906B07F9E00FFE801 /* NSImage+NiceScaling.h */; };
		5BBD989706B07F9F00FFE801 /* main.m in Sources */ = {isa = PBXBuildFile; fileRef = 5BBD988A06B07F9E00FFE801 /* main.m */; };
		5BBD989806B07F9F00FFE801 /* UKGroupFile.h in Headers */ = {isa = PBXBuildFile; fileRef = 5BBD988B06B07F9E00FFE801 /* UKGroupFile.h */; };
		5BBD989906B07F9F00FFE801 /* UKClickableImageView.m in Sources */ = {isa = PBXBuildFile; fileRef = 5BBD988C06B07F9E00FFE801 /* UKClickableImageView.m */; };
		5BBD989A06B07F9F00FFE801 /* NSImage+NiceScaling.m in Sources */ = {isa = PBXBuildFile; fileRef = 5BBD988D06B07F9E00FFE801 /* NSImage+NiceScaling.m */; };
		5BBD98A106B07FE600FFE801 /* UKBorderlessWindow.h in Headers */ = {isa = PBXBuildFile; fileRef = 5BBD989F06B07FE500FFE801 /* UKBorderlessWindow.h */; };
		5BBD98A206B07FE600FFE801 /* UKBorderlessWindow.m in Sources */ = {isa = PBXBuildFile; fileRef = 5BBD98A006B07FE500FFE801 /* UKBorderlessWindow.m */; };
		8D11072B0486CEB800E47090 /* InfoPlist.strings in Resources */ = {isa = PBXBuildFile; fileRef = 089C165CFE840E0CC02AAC07 /* InfoPlist.strings */; };
		8D11072F0486CEB800E47090 /* Cocoa.framework in Frameworks */ = {isa = PBXBuildFile; fileRef = 1058C7A1FEA54F0111CA2CBB /* Cocoa.framework */; };
/* End PBXBuildFile section */

/* Begin PBXContainerItemProxy section */
		55CD5BFE21E0414300B5E004 /* PBXContainerItemProxy */ = {
			isa = PBXContainerItemProxy;
			containerPortal = 29B97313FDCFA39411CA2CEA /* Project object */;
			proxyType = 1;
			remoteGlobalIDString = 55CD5BD221DFFDA700B5E004;
			remoteInfo = MooseHelper;
		};
/* End PBXContainerItemProxy section */

/* Begin PBXCopyFilesBuildPhase section */
		55CD5BFD21E0411C00B5E004 /* Copy Login Agent */ = {
			isa = PBXCopyFilesBuildPhase;
			buildActionMask = 2147483647;
			dstPath = Contents/Library/LoginItems;
			dstSubfolderSpec = 1;
			files = (
				556BA53821FC729800123C79 /* RCKXACKVZS.com.thevoidsoftware.talkingmoose.macosx.helper.app in Copy Login Agent */,
			);
			name = "Copy Login Agent";
			runOnlyForDeploymentPostprocessing = 0;
		};
/* End PBXCopyFilesBuildPhase section */

/* Begin PBXFileReference section */
		089C165DFE840E0CC02AAC07 /* English */ = {isa = PBXFileReference; fileEncoding = 10; lastKnownFileType = text.plist.strings; name = English; path = English.lproj/InfoPlist.strings; sourceTree = "<group>"; };
		1058C7A1FEA54F0111CA2CBB /* Cocoa.framework */ = {isa = PBXFileReference; lastKnownFileType = wrapper.framework; name = Cocoa.framework; path = /System/Library/Frameworks/Cocoa.framework; sourceTree = "<absolute>"; };
		29B97324FDCFA39411CA2CEA /* AppKit.framework */ = {isa = PBXFileReference; lastKnownFileType = wrapper.framework; name = AppKit.framework; path = /System/Library/Frameworks/AppKit.framework; sourceTree = "<absolute>"; };
		29B97325FDCFA39411CA2CEA /* Foundation.framework */ = {isa = PBXFileReference; lastKnownFileType = wrapper.framework; name = Foundation.framework; path = /System/Library/Frameworks/Foundation.framework; sourceTree = "<absolute>"; };
		3D05C3F4088875CD00DA756A /* Credits.html */ = {isa = PBXFileReference; fileEncoding = 4; lastKnownFileType = text.html; path = Credits.html; sourceTree = "<group>"; };
		3D05C45C08888A1600DA756A /* UKDocumentationController.h */ = {isa = PBXFileReference; fileEncoding = 30; lastKnownFileType = sourcecode.c.h; name = UKDocumentationController.h; path = ../UliKit/UKDocumentationController.h; sourceTree = "<group>"; };
		3D05C45D08888A1600DA756A /* UKDocumentationController.m */ = {isa = PBXFileReference; fileEncoding = 30; lastKnownFileType = sourcecode.c.objc; name = UKDocumentationController.m; path = ../UliKit/UKDocumentationController.m; sourceTree = "<group>"; };
		3D05C4910888C68C00DA756A /* Moose Help */ = {isa = PBXFileReference; lastKnownFileType = folder; path = "Moose Help"; sourceTree = "<group>"; };
		3D1E8E810CE29C5200334A8E /* loud.png */ = {isa = PBXFileReference; lastKnownFileType = image.png; path = loud.png; sourceTree = "<group>"; };
		3D1E8E830CE29C6200334A8E /* quiet.png */ = {isa = PBXFileReference; lastKnownFileType = image.png; path = quiet.png; sourceTree = "<group>"; };
		3D34C68808785BDD000189DD /* UKUIElement.h */ = {isa = PBXFileReference; fileEncoding = 4; lastKnownFileType = sourcecode.c.h; name = UKUIElement.h; path = ../UliKit/UKUIElement.h; sourceTree = "<group>"; };
		3D34C68908785BDD000189DD /* UKUIElement.m */ = {isa = PBXFileReference; fileEncoding = 4; lastKnownFileType = sourcecode.c.objc; name = UKUIElement.m; path = ../UliKit/UKUIElement.m; sourceTree = "<group>"; };
		3D55636809CB4E7B002608B2 /* UKAboutBox.m */ = {isa = PBXFileReference; fileEncoding = 30; lastKnownFileType = sourcecode.c.objc; name = UKAboutBox.m; path = ../UliKit/UKAboutBox.m; sourceTree = SOURCE_ROOT; };
		3D55636909CB4E7B002608B2 /* UKAboutBox.h */ = {isa = PBXFileReference; fileEncoding = 30; lastKnownFileType = sourcecode.c.h; name = UKAboutBox.h; path = ../UliKit/UKAboutBox.h; sourceTree = SOURCE_ROOT; };
		3D56781C0994F2D8008FDECF /* UKCrashReporter.m */ = {isa = PBXFileReference; fileEncoding = 30; lastKnownFileType = sourcecode.c.objc; name = UKCrashReporter.m; path = ../UliKit/UKCrashReporter.m; sourceTree = SOURCE_ROOT; };
		3D56781D0994F2D8008FDECF /* UKCrashReporter.h */ = {isa = PBXFileReference; fileEncoding = 30; lastKnownFileType = sourcecode.c.h; name = UKCrashReporter.h; path = ../UliKit/UKCrashReporter.h; sourceTree = SOURCE_ROOT; };
		3D567A180994FACB008FDECF /* English */ = {isa = PBXFileReference; fileEncoding = 4; lastKnownFileType = text.plist.strings; name = English; path = ../UliKit/English.lproj/UKCrashReporter.strings; sourceTree = SOURCE_ROOT; };
		3D6439C50813BE0900B7779A /* Localizable.strings */ = {isa = PBXFileReference; fileEncoding = 4; lastKnownFileType = text.plist.strings; path = Localizable.strings; sourceTree = "<group>"; };
		3D73E1DF088557C80067BEE3 /* PrefsTitle.png */ = {isa = PBXFileReference; lastKnownFileType = image.png; path = PrefsTitle.png; sourceTree = "<group>"; };
		3D73E1F7088559F00067BEE3 /* window_bg.png */ = {isa = PBXFileReference; lastKnownFileType = image.png; path = window_bg.png; sourceTree = "<group>"; };
		3D791E6A0798CDD2009BA042 /* TODO.txt */ = {isa = PBXFileReference; fileEncoding = 30; lastKnownFileType = text; path = TODO.txt; sourceTree = "<group>"; };
		3D791E970798EBB3009BA042 /* tylerui_zoombox.png */ = {isa = PBXFileReference; lastKnownFileType = image.png; path = tylerui_zoombox.png; sourceTree = "<group>"; };
		3D791E980798EBB3009BA042 /* tylerui_growbox.png */ = {isa = PBXFileReference; lastKnownFileType = image.png; path = tylerui_growbox.png; sourceTree = "<group>"; };
		3D791E990798EBB3009BA042 /* tylerui_closebox.png */ = {isa = PBXFileReference; lastKnownFileType = image.png; path = tylerui_closebox.png; sourceTree = "<group>"; };
		3D87480606C6C819007D365E /* UKSplotchChatterbot.h */ = {isa = PBXFileReference; fileEncoding = 4; lastKnownFileType = sourcecode.c.h; path = UKSplotchChatterbot.h; sourceTree = "<group>"; };
		3D87480706C6C819007D365E /* UKSplotchChatterbot.m */ = {isa = PBXFileReference; fileEncoding = 4; lastKnownFileType = sourcecode.c.objc; path = UKSplotchChatterbot.m; sourceTree = "<group>"; };
		3D87481C06CB022D007D365E /* UKSplotchSynonyms.plist */ = {isa = PBXFileReference; fileEncoding = 30; lastKnownFileType = text.plist.xml; path = UKSplotchSynonyms.plist; sourceTree = SOURCE_ROOT; };
		3D87481E06CB0250007D365E /* Animations */ = {isa = PBXFileReference; lastKnownFileType = folder; path = Animations; sourceTree = SOURCE_ROOT; };
		3D87498B06CB0252007D365E /* Phrases */ = {isa = PBXFileReference; lastKnownFileType = folder; path = Phrases; sourceTree = SOURCE_ROOT; };
		3D874E2506CC14C5007D365E /* UKSplotchMainDictionary.plist */ = {isa = PBXFileReference; fileEncoding = 4; lastKnownFileType = text.plist; path = UKSplotchMainDictionary.plist; sourceTree = "<group>"; };
		3D8CABC50CE4F7970046B187 /* UKMouthShape.h */ = {isa = PBXFileReference; fileEncoding = 4; lastKnownFileType = sourcecode.c.h; name = UKMouthShape.h; path = ../MooseBetterLipSync/UKMouthShape.h; sourceTree = SOURCE_ROOT; };
		3D8CABC60CE4F7970046B187 /* UKMouthShape.m */ = {isa = PBXFileReference; fileEncoding = 4; lastKnownFileType = sourcecode.c.objc; name = UKMouthShape.m; path = ../MooseBetterLipSync/UKMouthShape.m; sourceTree = SOURCE_ROOT; };
		3D8CABC70CE4F7970046B187 /* UKMooseMouthImageRep.h */ = {isa = PBXFileReference; fileEncoding = 4; lastKnownFileType = sourcecode.c.h; name = UKMooseMouthImageRep.h; path = ../MooseBetterLipSync/UKMooseMouthImageRep.h; sourceTree = SOURCE_ROOT; };
		3D8CABC80CE4F7970046B187 /* UKMooseMouthImageRep.m */ = {isa = PBXFileReference; fileEncoding = 4; lastKnownFileType = sourcecode.c.objc; name = UKMooseMouthImageRep.m; path = ../MooseBetterLipSync/UKMooseMouthImageRep.m; sourceTree = SOURCE_ROOT; };
		3D8CABFD0CE5C97B0046B187 /* ApplicationServices.framework */ = {isa = PBXFileReference; lastKnownFileType = wrapper.framework; name = ApplicationServices.framework; path = /System/Library/Frameworks/ApplicationServices.framework; sourceTree = "<absolute>"; };
		3D8CAD140CE5E80C0046B187 /* UKNibOwner.m */ = {isa = PBXFileReference; fileEncoding = 4; lastKnownFileType = sourcecode.c.objc; name = UKNibOwner.m; path = ../UliKit/UKNibOwner.m; sourceTree = SOURCE_ROOT; };
		3D8CAD150CE5E80C0046B187 /* UKNibOwner.h */ = {isa = PBXFileReference; fileEncoding = 4; lastKnownFileType = sourcecode.c.h; name = UKNibOwner.h; path = ../UliKit/UKNibOwner.h; sourceTree = SOURCE_ROOT; };
		3D8CADEA0CE6450E0046B187 /* AddressBook.framework */ = {isa = PBXFileReference; lastKnownFileType = wrapper.framework; name = AddressBook.framework; path = /System/Library/Frameworks/AddressBook.framework; sourceTree = "<absolute>"; };
		3DA3544D08841AB400825D47 /* UKApplicationListController.h */ = {isa = PBXFileReference; fileEncoding = 4; lastKnownFileType = sourcecode.c.h; name = UKApplicationListController.h; path = ../UliKit/UKApplicationListController.h; sourceTree = SOURCE_ROOT; };
		3DA3544E08841AB400825D47 /* UKApplicationListController.m */ = {isa = PBXFileReference; fileEncoding = 4; lastKnownFileType = sourcecode.c.objc; name = UKApplicationListController.m; path = ../UliKit/UKApplicationListController.m; sourceTree = SOURCE_ROOT; };
		3DA3554E0884740F00825D47 /* MoosePhraseFileIcon.icns */ = {isa = PBXFileReference; lastKnownFileType = image.icns; path = MoosePhraseFileIcon.icns; sourceTree = "<group>"; };
		3DBE7C2C0B9E499400526251 /* UKSplotchPlaces.plist */ = {isa = PBXFileReference; fileEncoding = 30; lastKnownFileType = text.plist.xml; path = UKSplotchPlaces.plist; sourceTree = "<group>"; };
		3DBE7C2D0B9E499400526251 /* UKSplotchSchoolClasses.plist */ = {isa = PBXFileReference; fileEncoding = 30; lastKnownFileType = text.plist.xml; path = UKSplotchSchoolClasses.plist; sourceTree = "<group>"; };
		3DBE7C2E0B9E499400526251 /* UKSplotchAnimals.plist */ = {isa = PBXFileReference; fileEncoding = 30; lastKnownFileType = text.plist.xml; path = UKSplotchAnimals.plist; sourceTree = "<group>"; };
		3DBE7C3B0B9E4B0800526251 /* UKSplotchProfessions.plist */ = {isa = PBXFileReference; fileEncoding = 30; lastKnownFileType = text.plist.xml; path = UKSplotchProfessions.plist; sourceTree = "<group>"; };
		3DBE7C470B9E4EF600526251 /* UKSplotchPeople.plist */ = {isa = PBXFileReference; fileEncoding = 30; lastKnownFileType = text.plist.xml; path = UKSplotchPeople.plist; sourceTree = "<group>"; };
		3DBE7C5E0B9E539800526251 /* UKSplotchWeather.plist */ = {isa = PBXFileReference; fileEncoding = 30; lastKnownFileType = text.plist.xml; path = UKSplotchWeather.plist; sourceTree = "<group>"; };
		3DBE7C5F0B9E539800526251 /* UKSplotchFood.plist */ = {isa = PBXFileReference; fileEncoding = 30; lastKnownFileType = text.plist.xml; path = UKSplotchFood.plist; sourceTree = "<group>"; };
		3DBE7C600B9E539800526251 /* UKSplotchLiquids.plist */ = {isa = PBXFileReference; fileEncoding = 30; lastKnownFileType = text.plist.xml; path = UKSplotchLiquids.plist; sourceTree = "<group>"; };
		3DC2F8900798039800423F0A /* Carbon.framework */ = {isa = PBXFileReference; lastKnownFileType = wrapper.framework; name = Carbon.framework; path = /System/Library/Frameworks/Carbon.framework; sourceTree = "<absolute>"; };
		3DDA3E8E0CD9FAE000FE033D /* UKHelperMacros.h */ = {isa = PBXFileReference; fileEncoding = 4; lastKnownFileType = sourcecode.c.h; name = UKHelperMacros.h; path = ../UliKit/UKHelperMacros.h; sourceTree = SOURCE_ROOT; };
		3DDF4F3809D6B9180033B811 /* UKCarbonEventHandler.h */ = {isa = PBXFileReference; fileEncoding = 4; lastKnownFileType = sourcecode.c.h; name = UKCarbonEventHandler.h; path = ../UliKit/UKCarbonEventHandler.h; sourceTree = SOURCE_ROOT; };
		3DDF4F3909D6B9180033B811 /* UKCarbonEventHandler.m */ = {isa = PBXFileReference; fileEncoding = 4; lastKnownFileType = sourcecode.c.objc; name = UKCarbonEventHandler.m; path = ../UliKit/UKCarbonEventHandler.m; sourceTree = SOURCE_ROOT; };
		3DE18FFF0A275D750040D274 /* NSScreen+ScreenAtPoint.h */ = {isa = PBXFileReference; fileEncoding = 4; lastKnownFileType = sourcecode.c.h; name = "NSScreen+ScreenAtPoint.h"; path = "../UliKit/NSScreen+ScreenAtPoint.h"; sourceTree = SOURCE_ROOT; };
		3DE190000A275D750040D274 /* NSScreen+ScreenAtPoint.m */ = {isa = PBXFileReference; fileEncoding = 4; lastKnownFileType = sourcecode.c.objc; name = "NSScreen+ScreenAtPoint.m"; path = "../UliKit/NSScreen+ScreenAtPoint.m"; sourceTree = SOURCE_ROOT; };
		3DE61B440869B176002EC36A /* svn_version.h */ = {isa = PBXFileReference; fileEncoding = 30; lastKnownFileType = sourcecode.c.h; path = svn_version.h; sourceTree = "<group>"; };
		3DF412CF0796A168002DE6EF /* MiniMoose.tiff */ = {isa = PBXFileReference; lastKnownFileType = image.tiff; path = MiniMoose.tiff; sourceTree = "<group>"; };
		3DF412EC0796B9D0002DE6EF /* BandAid.tiff */ = {isa = PBXFileReference; lastKnownFileType = image.tiff; path = BandAid.tiff; sourceTree = "<group>"; };
		3DF413B00796FE2F002DE6EF /* MooseAnim.icns */ = {isa = PBXFileReference; lastKnownFileType = image.icns; path = MooseAnim.icns; sourceTree = "<group>"; };
		3DF413D107970106002DE6EF /* NSFileManager+CreateDirectoriesForPath.h */ = {isa = PBXFileReference; fileEncoding = 4; lastKnownFileType = sourcecode.c.h; name = "NSFileManager+CreateDirectoriesForPath.h"; path = "../UliKit/NSFileManager+CreateDirectoriesForPath.h"; sourceTree = "<group>"; };
		3DF413D207970106002DE6EF /* NSFileManager+CreateDirectoriesForPath.m */ = {isa = PBXFileReference; fileEncoding = 4; lastKnownFileType = sourcecode.c.objc; name = "NSFileManager+CreateDirectoriesForPath.m"; path = "../UliKit/NSFileManager+CreateDirectoriesForPath.m"; sourceTree = "<group>"; };
		3DF41D460797264E002DE6EF /* Moose.scriptSuite */ = {isa = PBXFileReference; fileEncoding = 30; lastKnownFileType = text.xml; path = Moose.scriptSuite; sourceTree = "<group>"; };
		3DF41D470797264E002DE6EF /* Moose.scriptTerminology */ = {isa = PBXFileReference; fileEncoding = 30; lastKnownFileType = text.xml; path = Moose.scriptTerminology; sourceTree = "<group>"; };
		3DF41EE70797466B002DE6EF /* UKSpeakStringCommand.h */ = {isa = PBXFileReference; fileEncoding = 4; lastKnownFileType = sourcecode.c.h; path = UKSpeakStringCommand.h; sourceTree = "<group>"; };
		3DF41EE80797466B002DE6EF /* UKSpeakStringCommand.m */ = {isa = PBXFileReference; fileEncoding = 4; lastKnownFileType = sourcecode.c.objc; path = UKSpeakStringCommand.m; sourceTree = "<group>"; };
		3DF41F3407974CAE002DE6EF /* UKSpeakRandomPhraseCommand.m */ = {isa = PBXFileReference; fileEncoding = 30; lastKnownFileType = sourcecode.c.objc; path = UKSpeakRandomPhraseCommand.m; sourceTree = "<group>"; };
		3DF41F3507974CAE002DE6EF /* UKSpeakRandomPhraseCommand.h */ = {isa = PBXFileReference; fileEncoding = 30; lastKnownFileType = sourcecode.c.h; path = UKSpeakRandomPhraseCommand.h; sourceTree = "<group>"; };
		3DF41F6F07975218002DE6EF /* UKDisableSpeechCommand.h */ = {isa = PBXFileReference; fileEncoding = 30; lastKnownFileType = sourcecode.c.h; path = UKDisableSpeechCommand.h; sourceTree = "<group>"; };
		3DF41F7007975218002DE6EF /* UKEnableSpeechCommand.h */ = {isa = PBXFileReference; fileEncoding = 30; lastKnownFileType = sourcecode.c.h; path = UKEnableSpeechCommand.h; sourceTree = "<group>"; };
		3DF41F7107975218002DE6EF /* UKEnableSpeechCommand.m */ = {isa = PBXFileReference; fileEncoding = 30; lastKnownFileType = sourcecode.c.objc; path = UKEnableSpeechCommand.m; sourceTree = "<group>"; };
		3DF41F7207975218002DE6EF /* UKDisableSpeechCommand.m */ = {isa = PBXFileReference; fileEncoding = 30; lastKnownFileType = sourcecode.c.objc; path = UKDisableSpeechCommand.m; sourceTree = "<group>"; };
		3DF5B7EE0AA830D1000D2302 /* English */ = {isa = PBXFileReference; lastKnownFileType = image.png; name = English; path = "../UliKit/English.lproj/minus-8.png"; sourceTree = SOURCE_ROOT; };
		3DF5B7F00AA830D1000D2302 /* English */ = {isa = PBXFileReference; lastKnownFileType = image.png; name = English; path = "../UliKit/English.lproj/plus-8.png"; sourceTree = SOURCE_ROOT; };
		3DF5B8010AA83246000D2302 /* UKSystemInfo.m */ = {isa = PBXFileReference; fileEncoding = 30; lastKnownFileType = sourcecode.c.objc; name = UKSystemInfo.m; path = ../UliKit/UKSystemInfo.m; sourceTree = SOURCE_ROOT; };
		3DF5B8020AA83246000D2302 /* UKSystemInfo.h */ = {isa = PBXFileReference; fileEncoding = 30; lastKnownFileType = sourcecode.c.h; name = UKSystemInfo.h; path = ../UliKit/UKSystemInfo.h; sourceTree = SOURCE_ROOT; };
		3DF9CB3709C741C800C7BBA8 /* PTHotKey.h */ = {isa = PBXFileReference; fileEncoding = 30; lastKnownFileType = sourcecode.c.h; name = PTHotKey.h; path = ../HotKeysLib3/PTHotKeysLib/src/PTHotKey.h; sourceTree = "<group>"; };
		3DF9CB3809C741C800C7BBA8 /* PTHotKey.m */ = {isa = PBXFileReference; fileEncoding = 30; lastKnownFileType = sourcecode.c.objc; name = PTHotKey.m; path = ../HotKeysLib3/PTHotKeysLib/src/PTHotKey.m; sourceTree = "<group>"; };
		3DF9CB3909C741C800C7BBA8 /* PTHotKeyCenter.h */ = {isa = PBXFileReference; fileEncoding = 30; lastKnownFileType = sourcecode.c.h; name = PTHotKeyCenter.h; path = ../HotKeysLib3/PTHotKeysLib/src/PTHotKeyCenter.h; sourceTree = "<group>"; };
		3DF9CB3A09C741C800C7BBA8 /* PTHotKeyCenter.m */ = {isa = PBXFileReference; fileEncoding = 30; lastKnownFileType = sourcecode.c.objc; name = PTHotKeyCenter.m; path = ../HotKeysLib3/PTHotKeysLib/src/PTHotKeyCenter.m; sourceTree = "<group>"; };
		3DF9CB3B09C741C800C7BBA8 /* PTKeyBroadcaster.h */ = {isa = PBXFileReference; fileEncoding = 30; lastKnownFileType = sourcecode.c.h; name = PTKeyBroadcaster.h; path = ../HotKeysLib3/PTHotKeysLib/src/PTKeyBroadcaster.h; sourceTree = "<group>"; };
		3DF9CB3C09C741C800C7BBA8 /* PTKeyBroadcaster.m */ = {isa = PBXFileReference; fileEncoding = 30; lastKnownFileType = sourcecode.c.objc; name = PTKeyBroadcaster.m; path = ../HotKeysLib3/PTHotKeysLib/src/PTKeyBroadcaster.m; sourceTree = "<group>"; };
		3DF9CB3D09C741C800C7BBA8 /* PTKeyCodeTranslator.h */ = {isa = PBXFileReference; fileEncoding = 30; lastKnownFileType = sourcecode.c.h; name = PTKeyCodeTranslator.h; path = ../HotKeysLib3/PTHotKeysLib/src/PTKeyCodeTranslator.h; sourceTree = "<group>"; };
		3DF9CB3E09C741C800C7BBA8 /* PTKeyCodeTranslator.m */ = {isa = PBXFileReference; fileEncoding = 30; lastKnownFileType = sourcecode.c.objc; name = PTKeyCodeTranslator.m; path = ../HotKeysLib3/PTHotKeysLib/src/PTKeyCodeTranslator.m; sourceTree = "<group>"; };
		3DF9CB3F09C741C800C7BBA8 /* PTKeyCombo.h */ = {isa = PBXFileReference; fileEncoding = 30; lastKnownFileType = sourcecode.c.h; name = PTKeyCombo.h; path = ../HotKeysLib3/PTHotKeysLib/src/PTKeyCombo.h; sourceTree = "<group>"; };
		3DF9CB4009C741C800C7BBA8 /* PTKeyCombo.m */ = {isa = PBXFileReference; fileEncoding = 30; lastKnownFileType = sourcecode.c.objc; name = PTKeyCombo.m; path = ../HotKeysLib3/PTHotKeysLib/src/PTKeyCombo.m; sourceTree = "<group>"; };
		3DF9CB4109C741C800C7BBA8 /* PTKeyComboPanel.h */ = {isa = PBXFileReference; fileEncoding = 30; lastKnownFileType = sourcecode.c.h; name = PTKeyComboPanel.h; path = ../HotKeysLib3/PTHotKeysLib/src/PTKeyComboPanel.h; sourceTree = "<group>"; };
		3DF9CB4209C741C800C7BBA8 /* PTKeyComboPanel.m */ = {isa = PBXFileReference; fileEncoding = 30; lastKnownFileType = sourcecode.c.objc; name = PTKeyComboPanel.m; path = ../HotKeysLib3/PTHotKeysLib/src/PTKeyComboPanel.m; sourceTree = "<group>"; };
		3DF9CB5009C7422800C7BBA8 /* English */ = {isa = PBXFileReference; fileEncoding = 30; lastKnownFileType = text.plist.xml; name = English; path = ../HotKeysLib3/PTHotKeysLib/res/English.lproj/PTKeyCodes.plist; sourceTree = SOURCE_ROOT; };
		3DF9CB5209C7422800C7BBA8 /* English */ = {isa = PBXFileReference; lastKnownFileType = wrapper.nib; name = English; path = ../HotKeysLib3/PTHotKeysLib/res/English.lproj/PTKeyComboPanel.nib; sourceTree = SOURCE_ROOT; };
		3DF9CB5909C7423600C7BBA8 /* PTKeyboardIcon.tiff */ = {isa = PBXFileReference; lastKnownFileType = image.tiff; name = PTKeyboardIcon.tiff; path = ../HotKeysLib3/PTHotKeysLib/res/PTKeyboardIcon.tiff; sourceTree = "<group>"; };
		3DF9CB5B09C7424800C7BBA8 /* French */ = {isa = PBXFileReference; lastKnownFileType = text.plist; name = French; path = ../HotKeysLib3/PTHotKeysLib/res/French.lproj/PTKeyCodes.plist; sourceTree = SOURCE_ROOT; };
		3DF9CB5C09C7424800C7BBA8 /* French */ = {isa = PBXFileReference; lastKnownFileType = wrapper.nib; name = French; path = ../HotKeysLib3/PTHotKeysLib/res/French.lproj/PTKeyComboPanel.nib; sourceTree = SOURCE_ROOT; };
		3DF9CB6809C7425700C7BBA8 /* German */ = {isa = PBXFileReference; lastKnownFileType = text.plist; name = German; path = ../HotKeysLib3/PTHotKeysLib/res/German.lproj/PTKeyCodes.plist; sourceTree = SOURCE_ROOT; };
		3DF9CB6909C7425700C7BBA8 /* German */ = {isa = PBXFileReference; lastKnownFileType = wrapper.nib; name = German; path = ../HotKeysLib3/PTHotKeysLib/res/German.lproj/PTKeyComboPanel.nib; sourceTree = SOURCE_ROOT; };
		3DF9CB7209C7426800C7BBA8 /* Japanese */ = {isa = PBXFileReference; lastKnownFileType = text.plist; name = Japanese; path = ../HotKeysLib3/PTHotKeysLib/res/Japanese.lproj/PTKeyCodes.plist; sourceTree = SOURCE_ROOT; };
		3DF9CB7309C7426800C7BBA8 /* Japanese */ = {isa = PBXFileReference; lastKnownFileType = wrapper.nib; name = Japanese; path = ../HotKeysLib3/PTHotKeysLib/res/Japanese.lproj/PTKeyComboPanel.nib; sourceTree = SOURCE_ROOT; };
		553E5080161496C100272749 /* ServiceManagement.framework */ = {isa = PBXFileReference; lastKnownFileType = wrapper.framework; name = ServiceManagement.framework; path = ../../../../../System/Library/Frameworks/ServiceManagement.framework; sourceTree = "<group>"; };
		5543C2DB112822D600783ABE /* make_git_version_header.sh */ = {isa = PBXFileReference; fileEncoding = 4; lastKnownFileType = text.script.sh; name = make_git_version_header.sh; path = ../UliKit/make_git_version_header.sh; sourceTree = SOURCE_ROOT; };
		557FD0C00E56FB0C000A1A11 /* UKMooseDragAreaView.h */ = {isa = PBXFileReference; fileEncoding = 4; lastKnownFileType = sourcecode.c.h; path = UKMooseDragAreaView.h; sourceTree = "<group>"; };
		557FD0C10E56FB0C000A1A11 /* UKMooseDragAreaView.m */ = {isa = PBXFileReference; fileEncoding = 4; lastKnownFileType = sourcecode.c.objc; path = UKMooseDragAreaView.m; sourceTree = "<group>"; };
		558FD3FF1115DE80008D69DC /* GoodbyeOldFriend.png */ = {isa = PBXFileReference; lastKnownFileType = image.png; path = GoodbyeOldFriend.png; sourceTree = "<group>"; };
		559D6CFD16160B83001E1D91 /* English */ = {isa = PBXFileReference; lastKnownFileType = file.xib; name = English; path = ../UliKit/English.lproj/UKCrashReporter.xib; sourceTree = "<group>"; };
		559D6CFF16160B83001E1D91 /* English */ = {isa = PBXFileReference; lastKnownFileType = file.xib; name = English; path = ../UliKit/English.lproj/UKSpeechSettingsView.xib; sourceTree = "<group>"; };
		559D6D02161611E4001E1D91 /* Message.framework */ = {isa = PBXFileReference; lastKnownFileType = wrapper.framework; name = Message.framework; path = ../../../../../System/Library/Frameworks/Message.framework; sourceTree = "<group>"; };
		55A660C9110A4F7700FE0723 /* UKWindowDraggingImageView.h */ = {isa = PBXFileReference; fileEncoding = 4; lastKnownFileType = sourcecode.c.h; name = UKWindowDraggingImageView.h; path = ../UliKit/UKWindowDraggingImageView.h; sourceTree = SOURCE_ROOT; };
		55A660CA110A4F7700FE0723 /* UKWindowDraggingImageView.m */ = {isa = PBXFileReference; fileEncoding = 4; lastKnownFileType = sourcecode.c.objc; name = UKWindowDraggingImageView.m; path = ../UliKit/UKWindowDraggingImageView.m; sourceTree = SOURCE_ROOT; };
		55A66101110A559100FE0723 /* UKTabViewSwitchingSourceViewController.h */ = {isa = PBXFileReference; fileEncoding = 30; lastKnownFileType = sourcecode.c.h; name = UKTabViewSwitchingSourceViewController.h; path = ../UliKit/UKTabViewSwitchingSourceViewController.h; sourceTree = SOURCE_ROOT; };
		55A66102110A559100FE0723 /* UKTabViewSwitchingSourceViewController.m */ = {isa = PBXFileReference; fileEncoding = 30; lastKnownFileType = sourcecode.c.objc; name = UKTabViewSwitchingSourceViewController.m; path = ../UliKit/UKTabViewSwitchingSourceViewController.m; sourceTree = SOURCE_ROOT; };
		55A66106110A55B900FE0723 /* UKWindowBodyView.h */ = {isa = PBXFileReference; fileEncoding = 30; lastKnownFileType = sourcecode.c.h; name = UKWindowBodyView.h; path = ../UliKit/UKWindowBodyView.h; sourceTree = SOURCE_ROOT; };
		55A66107110A55B900FE0723 /* UKWindowBodyView.m */ = {isa = PBXFileReference; fileEncoding = 30; lastKnownFileType = sourcecode.c.objc; name = UKWindowBodyView.m; path = ../UliKit/UKWindowBodyView.m; sourceTree = SOURCE_ROOT; };
		55A66141110A63C200FE0723 /* NSBezierPathCappedBoxes.h */ = {isa = PBXFileReference; fileEncoding = 30; lastKnownFileType = sourcecode.c.h; name = NSBezierPathCappedBoxes.h; path = ../UKDistributedView/UKFinderIconCell/NSBezierPathCappedBoxes.h; sourceTree = SOURCE_ROOT; };
		55A66142110A63C200FE0723 /* NSBezierPathCappedBoxes.m */ = {isa = PBXFileReference; fileEncoding = 30; lastKnownFileType = sourcecode.c.objc; name = NSBezierPathCappedBoxes.m; path = ../UKDistributedView/UKFinderIconCell/NSBezierPathCappedBoxes.m; sourceTree = SOURCE_ROOT; };
		55A66143110A63C200FE0723 /* UKFinderIconCell.h */ = {isa = PBXFileReference; fileEncoding = 30; lastKnownFileType = sourcecode.c.h; name = UKFinderIconCell.h; path = ../UKDistributedView/UKFinderIconCell/UKFinderIconCell.h; sourceTree = SOURCE_ROOT; };
		55A66144110A63C200FE0723 /* UKFinderIconCell.m */ = {isa = PBXFileReference; fileEncoding = 30; lastKnownFileType = sourcecode.c.objc; name = UKFinderIconCell.m; path = ../UKDistributedView/UKFinderIconCell/UKFinderIconCell.m; sourceTree = SOURCE_ROOT; };
		55CD5BD321DFFDA700B5E004 /* RCKXACKVZS.com.thevoidsoftware.talkingmoose.macosx.helper.app */ = {isa = PBXFileReference; explicitFileType = wrapper.application; includeInIndex = 0; path = RCKXACKVZS.com.thevoidsoftware.talkingmoose.macosx.helper.app; sourceTree = BUILT_PRODUCTS_DIR; };
		55CD5BD521DFFDA700B5E004 /* ULIMooseHelperAppDelegate.h */ = {isa = PBXFileReference; lastKnownFileType = sourcecode.c.h; path = ULIMooseHelperAppDelegate.h; sourceTree = "<group>"; };
		55CD5BD621DFFDA700B5E004 /* ULIMooseHelperAppDelegate.m */ = {isa = PBXFileReference; lastKnownFileType = sourcecode.c.objc; path = ULIMooseHelperAppDelegate.m; sourceTree = "<group>"; };
		55CD5BDB21DFFDAA00B5E004 /* Base */ = {isa = PBXFileReference; lastKnownFileType = file.xib; name = Base; path = Base.lproj/MainMenu.xib; sourceTree = "<group>"; };
		55CD5BDD21DFFDAA00B5E004 /* Info.plist */ = {isa = PBXFileReference; lastKnownFileType = text.plist.xml; path = Info.plist; sourceTree = "<group>"; };
		55CD5BDE21DFFDAA00B5E004 /* main.m */ = {isa = PBXFileReference; lastKnownFileType = sourcecode.c.objc; path = main.m; sourceTree = "<group>"; };
		55CD5BE021DFFDAB00B5E004 /* MooseHelper.entitlements */ = {isa = PBXFileReference; lastKnownFileType = text.plist.entitlements; path = MooseHelper.entitlements; sourceTree = "<group>"; };
		55CD5C0121E041FD00B5E004 /* Moose.entitlements */ = {isa = PBXFileReference; lastKnownFileType = text.plist.entitlements; name = Moose.entitlements; path = Moose/Moose.entitlements; sourceTree = "<group>"; };
		55DBFB270C175901007D400D /* UKMoosePhraseologyDelegate.h */ = {isa = PBXFileReference; fileEncoding = 30; lastKnownFileType = sourcecode.c.h; path = UKMoosePhraseologyDelegate.h; sourceTree = "<group>"; };
		55DBFB280C175901007D400D /* UKMoosePhraseologyDelegate.m */ = {isa = PBXFileReference; fileEncoding = 30; lastKnownFileType = sourcecode.c.objc; path = UKMoosePhraseologyDelegate.m; sourceTree = "<group>"; };
		55E27CA50E635104003A077C /* Blech.m4a */ = {isa = PBXFileReference; lastKnownFileType = file; path = Blech.m4a; sourceTree = "<group>"; };
		55F3136D1127FBCD00BC5C68 /* English */ = {isa = PBXFileReference; lastKnownFileType = file.xib; name = English; path = English.lproj/MainMenu.xib; sourceTree = "<group>"; };
		55F8CAC70E65F01C00DCF0D2 /* UKRecordedSpeechChannel.h */ = {isa = PBXFileReference; fileEncoding = 4; lastKnownFileType = sourcecode.c.h; path = UKRecordedSpeechChannel.h; sourceTree = "<group>"; };
		55F8CAC80E65F01C00DCF0D2 /* UKRecordedSpeechChannel.m */ = {isa = PBXFileReference; fileEncoding = 4; lastKnownFileType = sourcecode.c.objc; path = UKRecordedSpeechChannel.m; sourceTree = "<group>"; };
		55F8CB120E66043300DCF0D2 /* SpokenString.plist */ = {isa = PBXFileReference; fileEncoding = 4; lastKnownFileType = text.plist.xml; path = SpokenString.plist; sourceTree = "<group>"; };
		55F8CB130E66043300DCF0D2 /* SpokenString.aiff */ = {isa = PBXFileReference; lastKnownFileType = audio.aiff; path = SpokenString.aiff; sourceTree = "<group>"; };
		55FFBF5A21EA0BE200FB3CA4 /* ULIMooseServiceProtocol.h */ = {isa = PBXFileReference; lastKnownFileType = sourcecode.c.h; path = ULIMooseServiceProtocol.h; sourceTree = "<group>"; };
		5BBD986D06B07F7800FFE801 /* UKSpeechSettingsView.m */ = {isa = PBXFileReference; fileEncoding = 30; lastKnownFileType = sourcecode.c.objc; name = UKSpeechSettingsView.m; path = ../UliKit/UKSpeechSettingsView.m; sourceTree = "<group>"; };
		5BBD986E06B07F7800FFE801 /* UKPhraseDatabase.h */ = {isa = PBXFileReference; fileEncoding = 30; lastKnownFileType = sourcecode.c.h; path = UKPhraseDatabase.h; sourceTree = SOURCE_ROOT; };
		5BBD986F06B07F7800FFE801 /* UKMooseController.m */ = {isa = PBXFileReference; fileEncoding = 30; lastKnownFileType = sourcecode.c.objc; path = UKMooseController.m; sourceTree = SOURCE_ROOT; };
		5BBD987106B07F7900FFE801 /* UKMooseAppDelegate.h */ = {isa = PBXFileReference; fileEncoding = 30; lastKnownFileType = sourcecode.c.h; path = UKMooseAppDelegate.h; sourceTree = SOURCE_ROOT; };
		5BBD987206B07F7900FFE801 /* UKSpeechSettingsView.h */ = {isa = PBXFileReference; fileEncoding = 30; lastKnownFileType = sourcecode.c.h; name = UKSpeechSettingsView.h; path = ../UliKit/UKSpeechSettingsView.h; sourceTree = "<group>"; };
		5BBD987406B07F7900FFE801 /* UKMooseController.h */ = {isa = PBXFileReference; fileEncoding = 30; lastKnownFileType = sourcecode.c.h; path = UKMooseController.h; sourceTree = SOURCE_ROOT; };
		5BBD987506B07F7900FFE801 /* UKMooseAppDelegate.m */ = {isa = PBXFileReference; fileEncoding = 30; lastKnownFileType = sourcecode.c.objc; path = UKMooseAppDelegate.m; sourceTree = SOURCE_ROOT; };
		5BBD987606B07F7900FFE801 /* UKPhraseDatabase.m */ = {isa = PBXFileReference; fileEncoding = 30; lastKnownFileType = sourcecode.c.objc; path = UKPhraseDatabase.m; sourceTree = SOURCE_ROOT; };
		5BBD988206B07F9E00FFE801 /* UKIdleTimer.m */ = {isa = PBXFileReference; fileEncoding = 30; lastKnownFileType = sourcecode.c.objc; name = UKIdleTimer.m; path = ../UliKit/UKIdleTimer.m; sourceTree = "<group>"; };
		5BBD988306B07F9E00FFE801 /* NSArray+Color.h */ = {isa = PBXFileReference; fileEncoding = 30; lastKnownFileType = sourcecode.c.h; name = "NSArray+Color.h"; path = "../UliKit/NSArray+Color.h"; sourceTree = "<group>"; };
		5BBD988406B07F9E00FFE801 /* UKGroupFile.m */ = {isa = PBXFileReference; fileEncoding = 30; lastKnownFileType = sourcecode.c.objc; path = UKGroupFile.m; sourceTree = SOURCE_ROOT; };
		5BBD988506B07F9E00FFE801 /* MooseAlphaIcon.icns */ = {isa = PBXFileReference; lastKnownFileType = image.icns; path = MooseAlphaIcon.icns; sourceTree = SOURCE_ROOT; };
		5BBD988606B07F9E00FFE801 /* NSArray+Color.m */ = {isa = PBXFileReference; fileEncoding = 30; lastKnownFileType = sourcecode.c.objc; name = "NSArray+Color.m"; path = "../UliKit/NSArray+Color.m"; sourceTree = "<group>"; };
		5BBD988706B07F9E00FFE801 /* UKIdleTimer.h */ = {isa = PBXFileReference; fileEncoding = 30; lastKnownFileType = sourcecode.c.h; name = UKIdleTimer.h; path = ../UliKit/UKIdleTimer.h; sourceTree = "<group>"; };
		5BBD988806B07F9E00FFE801 /* UKClickableImageView.h */ = {isa = PBXFileReference; fileEncoding = 30; lastKnownFileType = sourcecode.c.h; name = UKClickableImageView.h; path = ../UliKit/UKClickableImageView.h; sourceTree = "<group>"; };
		5BBD988906B07F9E00FFE801 /* NSImage+NiceScaling.h */ = {isa = PBXFileReference; fileEncoding = 30; lastKnownFileType = sourcecode.c.h; name = "NSImage+NiceScaling.h"; path = "../UliKit/NSImage+NiceScaling.h"; sourceTree = "<group>"; };
		5BBD988A06B07F9E00FFE801 /* main.m */ = {isa = PBXFileReference; fileEncoding = 30; lastKnownFileType = sourcecode.c.objc; path = main.m; sourceTree = SOURCE_ROOT; };
		5BBD988B06B07F9E00FFE801 /* UKGroupFile.h */ = {isa = PBXFileReference; fileEncoding = 30; lastKnownFileType = sourcecode.c.h; path = UKGroupFile.h; sourceTree = SOURCE_ROOT; };
		5BBD988C06B07F9E00FFE801 /* UKClickableImageView.m */ = {isa = PBXFileReference; fileEncoding = 30; lastKnownFileType = sourcecode.c.objc; name = UKClickableImageView.m; path = ../UliKit/UKClickableImageView.m; sourceTree = "<group>"; };
		5BBD988D06B07F9E00FFE801 /* NSImage+NiceScaling.m */ = {isa = PBXFileReference; fileEncoding = 30; lastKnownFileType = sourcecode.c.objc; name = "NSImage+NiceScaling.m"; path = "../UliKit/NSImage+NiceScaling.m"; sourceTree = "<group>"; };
		5BBD989F06B07FE500FFE801 /* UKBorderlessWindow.h */ = {isa = PBXFileReference; fileEncoding = 30; lastKnownFileType = sourcecode.c.h; name = UKBorderlessWindow.h; path = ../UliKit/UKBorderlessWindow.h; sourceTree = "<group>"; };
		5BBD98A006B07FE500FFE801 /* UKBorderlessWindow.m */ = {isa = PBXFileReference; fileEncoding = 30; lastKnownFileType = sourcecode.c.objc; name = UKBorderlessWindow.m; path = ../UliKit/UKBorderlessWindow.m; sourceTree = "<group>"; };
		8D1107310486CEB800E47090 /* Info.plist */ = {isa = PBXFileReference; fileEncoding = 4; lastKnownFileType = text.plist; path = Info.plist; sourceTree = "<group>"; };
		8D1107320486CEB800E47090 /* Moose.app */ = {isa = PBXFileReference; explicitFileType = wrapper.application; includeInIndex = 0; path = Moose.app; sourceTree = BUILT_PRODUCTS_DIR; };
/* End PBXFileReference section */

/* Begin PBXFrameworksBuildPhase section */
		55CD5BD021DFFDA700B5E004 /* Frameworks */ = {
			isa = PBXFrameworksBuildPhase;
			buildActionMask = 2147483647;
			files = (
			);
			runOnlyForDeploymentPostprocessing = 0;
		};
		8D11072E0486CEB800E47090 /* Frameworks */ = {
			isa = PBXFrameworksBuildPhase;
			buildActionMask = 2147483647;
			files = (
				8D11072F0486CEB800E47090 /* Cocoa.framework in Frameworks */,
				3DC2F8910798039800423F0A /* Carbon.framework in Frameworks */,
				3D8CABFE0CE5C97B0046B187 /* ApplicationServices.framework in Frameworks */,
				3D8CADEB0CE6450E0046B187 /* AddressBook.framework in Frameworks */,
				553E5081161496C100272749 /* ServiceManagement.framework in Frameworks */,
			);
			runOnlyForDeploymentPostprocessing = 0;
		};
/* End PBXFrameworksBuildPhase section */

/* Begin PBXGroup section */
		080E96DDFE201D6D7F000001 /* Classes */ = {
			isa = PBXGroup;
			children = (
				5BBD987106B07F7900FFE801 /* UKMooseAppDelegate.h */,
				5BBD987506B07F7900FFE801 /* UKMooseAppDelegate.m */,
				5BBD987406B07F7900FFE801 /* UKMooseController.h */,
				5BBD986F06B07F7800FFE801 /* UKMooseController.m */,
				5BBD986E06B07F7800FFE801 /* UKPhraseDatabase.h */,
				5BBD987606B07F7900FFE801 /* UKPhraseDatabase.m */,
				3D87480606C6C819007D365E /* UKSplotchChatterbot.h */,
				3D87480706C6C819007D365E /* UKSplotchChatterbot.m */,
				5BBD988B06B07F9E00FFE801 /* UKGroupFile.h */,
				5BBD988406B07F9E00FFE801 /* UKGroupFile.m */,
				55DBFB270C175901007D400D /* UKMoosePhraseologyDelegate.h */,
				55DBFB280C175901007D400D /* UKMoosePhraseologyDelegate.m */,
				557FD0C00E56FB0C000A1A11 /* UKMooseDragAreaView.h */,
				557FD0C10E56FB0C000A1A11 /* UKMooseDragAreaView.m */,
				55F8CAC70E65F01C00DCF0D2 /* UKRecordedSpeechChannel.h */,
				55F8CAC80E65F01C00DCF0D2 /* UKRecordedSpeechChannel.m */,
				3D8CABCD0CE4F79A0046B187 /* MouthShapes */,
				3DF41F3A07974CB8002DE6EF /* AppleScriptCommands */,
				3D1575AA071BE9E2008183E8 /* PTHotKeys */,
				3D1575B1071BEA73008183E8 /* UliKit */,
			);
			name = Classes;
			sourceTree = "<group>";
		};
		1058C7A0FEA54F0111CA2CBB /* Linked Frameworks */ = {
			isa = PBXGroup;
			children = (
				1058C7A1FEA54F0111CA2CBB /* Cocoa.framework */,
				3DC2F8900798039800423F0A /* Carbon.framework */,
				3D8CABFD0CE5C97B0046B187 /* ApplicationServices.framework */,
				3D8CADEA0CE6450E0046B187 /* AddressBook.framework */,
				559D6D02161611E4001E1D91 /* Message.framework */,
				553E5080161496C100272749 /* ServiceManagement.framework */,
			);
			name = "Linked Frameworks";
			sourceTree = "<group>";
		};
		1058C7A2FEA54F0111CA2CBB /* Other Frameworks */ = {
			isa = PBXGroup;
			children = (
				29B97325FDCFA39411CA2CEA /* Foundation.framework */,
				29B97324FDCFA39411CA2CEA /* AppKit.framework */,
			);
			name = "Other Frameworks";
			sourceTree = "<group>";
		};
		19C28FACFE9D520D11CA2CBB /* Products */ = {
			isa = PBXGroup;
			children = (
				8D1107320486CEB800E47090 /* Moose.app */,
				55CD5BD321DFFDA700B5E004 /* RCKXACKVZS.com.thevoidsoftware.talkingmoose.macosx.helper.app */,
			);
			name = Products;
			sourceTree = "<group>";
		};
		29B97314FDCFA39411CA2CEA /* CocoaMoose */ = {
			isa = PBXGroup;
			children = (
				55CD5C0121E041FD00B5E004 /* Moose.entitlements */,
				3D791E6A0798CDD2009BA042 /* TODO.txt */,
				080E96DDFE201D6D7F000001 /* Classes */,
				29B97315FDCFA39411CA2CEA /* Other Sources */,
				29B97317FDCFA39411CA2CEA /* Resources */,
				55CD5BD421DFFDA700B5E004 /* MooseHelper */,
				29B97323FDCFA39411CA2CEA /* Frameworks */,
				19C28FACFE9D520D11CA2CBB /* Products */,
			);
			name = CocoaMoose;
			sourceTree = "<group>";
		};
		29B97315FDCFA39411CA2CEA /* Other Sources */ = {
			isa = PBXGroup;
			children = (
				5BBD988A06B07F9E00FFE801 /* main.m */,
				3D1575B7071BEAA5008183E8 /* UliKit */,
			);
			name = "Other Sources";
			sourceTree = "<group>";
		};
		29B97317FDCFA39411CA2CEA /* Resources */ = {
			isa = PBXGroup;
			children = (
				8D1107310486CEB800E47090 /* Info.plist */,
				089C165CFE840E0CC02AAC07 /* InfoPlist.strings */,
				3D6439C50813BE0900B7779A /* Localizable.strings */,
				3D567A170994FACB008FDECF /* UKCrashReporter.strings */,
				55F3136C1127FBCD00BC5C68 /* MainMenu.xib */,
				3DF412CF0796A168002DE6EF /* MiniMoose.tiff */,
				3DF412EC0796B9D0002DE6EF /* BandAid.tiff */,
				3D73E1DF088557C80067BEE3 /* PrefsTitle.png */,
				3D73E1F7088559F00067BEE3 /* window_bg.png */,
				3D791E970798EBB3009BA042 /* tylerui_zoombox.png */,
				3D791E980798EBB3009BA042 /* tylerui_growbox.png */,
				3D791E990798EBB3009BA042 /* tylerui_closebox.png */,
				558FD3FF1115DE80008D69DC /* GoodbyeOldFriend.png */,
				5BBD988506B07F9E00FFE801 /* MooseAlphaIcon.icns */,
				3DF413B00796FE2F002DE6EF /* MooseAnim.icns */,
				3DA3554E0884740F00825D47 /* MoosePhraseFileIcon.icns */,
				559D6CFC16160B83001E1D91 /* UKCrashReporter.xib */,
				559D6CFE16160B83001E1D91 /* UKSpeechSettingsView.xib */,
				3DF412A607969BAD002DE6EF /* PTHotKeys */,
				3D87481C06CB022D007D365E /* UKSplotchSynonyms.plist */,
				3D874E2506CC14C5007D365E /* UKSplotchMainDictionary.plist */,
				3DBE7C2C0B9E499400526251 /* UKSplotchPlaces.plist */,
				3DBE7C2D0B9E499400526251 /* UKSplotchSchoolClasses.plist */,
				3DBE7C2E0B9E499400526251 /* UKSplotchAnimals.plist */,
				3DBE7C3B0B9E4B0800526251 /* UKSplotchProfessions.plist */,
				3DBE7C470B9E4EF600526251 /* UKSplotchPeople.plist */,
				3DBE7C5E0B9E539800526251 /* UKSplotchWeather.plist */,
				3DBE7C5F0B9E539800526251 /* UKSplotchFood.plist */,
				3DBE7C600B9E539800526251 /* UKSplotchLiquids.plist */,
				3D87481E06CB0250007D365E /* Animations */,
				3D87498B06CB0252007D365E /* Phrases */,
				3DF41D460797264E002DE6EF /* Moose.scriptSuite */,
				3DF41D470797264E002DE6EF /* Moose.scriptTerminology */,
				3D05C3F4088875CD00DA756A /* Credits.html */,
				3D05C4910888C68C00DA756A /* Moose Help */,
				3DF5B7ED0AA830D1000D2302 /* minus-8.png */,
				3DF5B7EF0AA830D1000D2302 /* plus-8.png */,
				3D1E8E810CE29C5200334A8E /* loud.png */,
				3D1E8E830CE29C6200334A8E /* quiet.png */,
				55E27CA50E635104003A077C /* Blech.m4a */,
				55F8CB120E66043300DCF0D2 /* SpokenString.plist */,
				55F8CB130E66043300DCF0D2 /* SpokenString.aiff */,
			);
			name = Resources;
			sourceTree = "<group>";
		};
		29B97323FDCFA39411CA2CEA /* Frameworks */ = {
			isa = PBXGroup;
			children = (
				1058C7A0FEA54F0111CA2CBB /* Linked Frameworks */,
				1058C7A2FEA54F0111CA2CBB /* Other Frameworks */,
			);
			name = Frameworks;
			sourceTree = "<group>";
		};
		3D1575AA071BE9E2008183E8 /* PTHotKeys */ = {
			isa = PBXGroup;
			children = (
				3DF9CB3809C741C800C7BBA8 /* PTHotKey.m */,
				3DF9CB3709C741C800C7BBA8 /* PTHotKey.h */,
				3DF9CB3909C741C800C7BBA8 /* PTHotKeyCenter.h */,
				3DF9CB3A09C741C800C7BBA8 /* PTHotKeyCenter.m */,
				3DF9CB3B09C741C800C7BBA8 /* PTKeyBroadcaster.h */,
				3DF9CB3C09C741C800C7BBA8 /* PTKeyBroadcaster.m */,
				3DF9CB3D09C741C800C7BBA8 /* PTKeyCodeTranslator.h */,
				3DF9CB3E09C741C800C7BBA8 /* PTKeyCodeTranslator.m */,
				3DF9CB3F09C741C800C7BBA8 /* PTKeyCombo.h */,
				3DF9CB4009C741C800C7BBA8 /* PTKeyCombo.m */,
				3DF9CB4109C741C800C7BBA8 /* PTKeyComboPanel.h */,
				3DF9CB4209C741C800C7BBA8 /* PTKeyComboPanel.m */,
			);
			name = PTHotKeys;
			sourceTree = "<group>";
		};
		3D1575B1071BEA73008183E8 /* UliKit */ = {
			isa = PBXGroup;
			children = (
				3DDA3E8E0CD9FAE000FE033D /* UKHelperMacros.h */,
				3DDF4F3809D6B9180033B811 /* UKCarbonEventHandler.h */,
				3DDF4F3909D6B9180033B811 /* UKCarbonEventHandler.m */,
				3DA3544D08841AB400825D47 /* UKApplicationListController.h */,
				3DA3544E08841AB400825D47 /* UKApplicationListController.m */,
				3D34C68808785BDD000189DD /* UKUIElement.h */,
				3D34C68908785BDD000189DD /* UKUIElement.m */,
				3DF413D107970106002DE6EF /* NSFileManager+CreateDirectoriesForPath.h */,
				3DF413D207970106002DE6EF /* NSFileManager+CreateDirectoriesForPath.m */,
				5BBD989F06B07FE500FFE801 /* UKBorderlessWindow.h */,
				5BBD98A006B07FE500FFE801 /* UKBorderlessWindow.m */,
				3DE18FFF0A275D750040D274 /* NSScreen+ScreenAtPoint.h */,
				3DE190000A275D750040D274 /* NSScreen+ScreenAtPoint.m */,
				5BBD988806B07F9E00FFE801 /* UKClickableImageView.h */,
				5BBD988C06B07F9E00FFE801 /* UKClickableImageView.m */,
				55A660C9110A4F7700FE0723 /* UKWindowDraggingImageView.h */,
				55A660CA110A4F7700FE0723 /* UKWindowDraggingImageView.m */,
				55A66101110A559100FE0723 /* UKTabViewSwitchingSourceViewController.h */,
				55A66102110A559100FE0723 /* UKTabViewSwitchingSourceViewController.m */,
				5BBD988706B07F9E00FFE801 /* UKIdleTimer.h */,
				5BBD988206B07F9E00FFE801 /* UKIdleTimer.m */,
				5BBD987206B07F7900FFE801 /* UKSpeechSettingsView.h */,
				5BBD986D06B07F7800FFE801 /* UKSpeechSettingsView.m */,
				3D05C45C08888A1600DA756A /* UKDocumentationController.h */,
				3D05C45D08888A1600DA756A /* UKDocumentationController.m */,
				3DF5B8020AA83246000D2302 /* UKSystemInfo.h */,
				3DF5B8010AA83246000D2302 /* UKSystemInfo.m */,
				5543C2DB112822D600783ABE /* make_git_version_header.sh */,
				3DE61B480869B177002EC36A /* Auto-Generated */,
				3D56781D0994F2D8008FDECF /* UKCrashReporter.h */,
				3D56781C0994F2D8008FDECF /* UKCrashReporter.m */,
				3D55636909CB4E7B002608B2 /* UKAboutBox.h */,
				3D55636809CB4E7B002608B2 /* UKAboutBox.m */,
				3D8CAD150CE5E80C0046B187 /* UKNibOwner.h */,
				3D8CAD140CE5E80C0046B187 /* UKNibOwner.m */,
				55A66106110A55B900FE0723 /* UKWindowBodyView.h */,
				55A66107110A55B900FE0723 /* UKWindowBodyView.m */,
				55A66141110A63C200FE0723 /* NSBezierPathCappedBoxes.h */,
				55A66142110A63C200FE0723 /* NSBezierPathCappedBoxes.m */,
				55A66143110A63C200FE0723 /* UKFinderIconCell.h */,
				55A66144110A63C200FE0723 /* UKFinderIconCell.m */,
			);
			name = UliKit;
			sourceTree = "<group>";
		};
		3D1575B7071BEAA5008183E8 /* UliKit */ = {
			isa = PBXGroup;
			children = (
				5BBD988306B07F9E00FFE801 /* NSArray+Color.h */,
				5BBD988606B07F9E00FFE801 /* NSArray+Color.m */,
				5BBD988906B07F9E00FFE801 /* NSImage+NiceScaling.h */,
				5BBD988D06B07F9E00FFE801 /* NSImage+NiceScaling.m */,
			);
			name = UliKit;
			sourceTree = "<group>";
		};
		3D8CABCD0CE4F79A0046B187 /* MouthShapes */ = {
			isa = PBXGroup;
			children = (
				3D8CABC70CE4F7970046B187 /* UKMooseMouthImageRep.h */,
				3D8CABC80CE4F7970046B187 /* UKMooseMouthImageRep.m */,
				3D8CABC50CE4F7970046B187 /* UKMouthShape.h */,
				3D8CABC60CE4F7970046B187 /* UKMouthShape.m */,
			);
			name = MouthShapes;
			sourceTree = "<group>";
		};
		3DE61B480869B177002EC36A /* Auto-Generated */ = {
			isa = PBXGroup;
			children = (
				3DE61B440869B176002EC36A /* svn_version.h */,
			);
			name = "Auto-Generated";
			sourceTree = "<group>";
		};
		3DF412A607969BAD002DE6EF /* PTHotKeys */ = {
			isa = PBXGroup;
			children = (
				3DF9CB4F09C7422800C7BBA8 /* PTKeyCodes.plist */,
				3DF9CB5109C7422800C7BBA8 /* PTKeyComboPanel.nib */,
				3DF9CB5909C7423600C7BBA8 /* PTKeyboardIcon.tiff */,
			);
			name = PTHotKeys;
			sourceTree = "<group>";
		};
		3DF41F3A07974CB8002DE6EF /* AppleScriptCommands */ = {
			isa = PBXGroup;
			children = (
				3DF41EE70797466B002DE6EF /* UKSpeakStringCommand.h */,
				3DF41EE80797466B002DE6EF /* UKSpeakStringCommand.m */,
				3DF41F3507974CAE002DE6EF /* UKSpeakRandomPhraseCommand.h */,
				3DF41F3407974CAE002DE6EF /* UKSpeakRandomPhraseCommand.m */,
				3DF41F6F07975218002DE6EF /* UKDisableSpeechCommand.h */,
				3DF41F7207975218002DE6EF /* UKDisableSpeechCommand.m */,
				3DF41F7007975218002DE6EF /* UKEnableSpeechCommand.h */,
				3DF41F7107975218002DE6EF /* UKEnableSpeechCommand.m */,
			);
			name = AppleScriptCommands;
			sourceTree = "<group>";
		};
		55CD5BD421DFFDA700B5E004 /* MooseHelper */ = {
			isa = PBXGroup;
			children = (
				55CD5BD521DFFDA700B5E004 /* ULIMooseHelperAppDelegate.h */,
				55CD5BD621DFFDA700B5E004 /* ULIMooseHelperAppDelegate.m */,
				55FFBF5A21EA0BE200FB3CA4 /* ULIMooseServiceProtocol.h */,
				55CD5BDA21DFFDAA00B5E004 /* MainMenu.xib */,
				55CD5BDD21DFFDAA00B5E004 /* Info.plist */,
				55CD5BDE21DFFDAA00B5E004 /* main.m */,
				55CD5BE021DFFDAB00B5E004 /* MooseHelper.entitlements */,
			);
			path = MooseHelper;
			sourceTree = "<group>";
		};
/* End PBXGroup section */

/* Begin PBXHeadersBuildPhase section */
		8D1107270486CEB800E47090 /* Headers */ = {
			isa = PBXHeadersBuildPhase;
			buildActionMask = 2147483647;
			files = (
				5BBD987806B07F7900FFE801 /* UKPhraseDatabase.h in Headers */,
				5BBD987B06B07F7900FFE801 /* UKMooseAppDelegate.h in Headers */,
				5BBD987C06B07F7900FFE801 /* UKSpeechSettingsView.h in Headers */,
				5BBD987E06B07F7900FFE801 /* UKMooseController.h in Headers */,
				5BBD989006B07F9F00FFE801 /* NSArray+Color.h in Headers */,
				5BBD989406B07F9F00FFE801 /* UKIdleTimer.h in Headers */,
				5BBD989506B07F9F00FFE801 /* UKClickableImageView.h in Headers */,
				5BBD989606B07F9F00FFE801 /* NSImage+NiceScaling.h in Headers */,
				5BBD989806B07F9F00FFE801 /* UKGroupFile.h in Headers */,
				5BBD98A106B07FE600FFE801 /* UKBorderlessWindow.h in Headers */,
				3DF413D307970106002DE6EF /* NSFileManager+CreateDirectoriesForPath.h in Headers */,
				3DF41EE90797466B002DE6EF /* UKSpeakStringCommand.h in Headers */,
				3DF41F3707974CAE002DE6EF /* UKSpeakRandomPhraseCommand.h in Headers */,
				3DF41F7307975218002DE6EF /* UKDisableSpeechCommand.h in Headers */,
				3DF41F7407975218002DE6EF /* UKEnableSpeechCommand.h in Headers */,
				3DE61B450869B176002EC36A /* svn_version.h in Headers */,
				3DA3544F08841AB400825D47 /* UKApplicationListController.h in Headers */,
				3D05C45E08888A1600DA756A /* UKDocumentationController.h in Headers */,
				3D56781F0994F2D8008FDECF /* UKCrashReporter.h in Headers */,
				3DF9CB4309C741C800C7BBA8 /* PTHotKey.h in Headers */,
				3DF9CB4509C741C800C7BBA8 /* PTHotKeyCenter.h in Headers */,
				3DF9CB4709C741C800C7BBA8 /* PTKeyBroadcaster.h in Headers */,
				3DF9CB4909C741C800C7BBA8 /* PTKeyCodeTranslator.h in Headers */,
				3DF9CB4B09C741C800C7BBA8 /* PTKeyCombo.h in Headers */,
				3DF9CB4D09C741C800C7BBA8 /* PTKeyComboPanel.h in Headers */,
				3D55636B09CB4E7B002608B2 /* UKAboutBox.h in Headers */,
				3DDF4F3A09D6B9180033B811 /* UKCarbonEventHandler.h in Headers */,
				3DE190010A275D750040D274 /* NSScreen+ScreenAtPoint.h in Headers */,
				3DF5B8040AA83246000D2302 /* UKSystemInfo.h in Headers */,
				3DBE7AC60B9E278B00526251 /* UKSplotchChatterbot.h in Headers */,
				55DBFB290C175901007D400D /* UKMoosePhraseologyDelegate.h in Headers */,
				3DDA3E8F0CD9FAE000FE033D /* UKHelperMacros.h in Headers */,
				3D8CABC90CE4F7970046B187 /* UKMouthShape.h in Headers */,
				3D8CABCB0CE4F7970046B187 /* UKMooseMouthImageRep.h in Headers */,
				3D8CAD170CE5E80C0046B187 /* UKNibOwner.h in Headers */,
				557FD0C20E56FB0C000A1A11 /* UKMooseDragAreaView.h in Headers */,
				55F8CAC90E65F01C00DCF0D2 /* UKRecordedSpeechChannel.h in Headers */,
				55A660CB110A4F7700FE0723 /* UKWindowDraggingImageView.h in Headers */,
				55A66103110A559100FE0723 /* UKTabViewSwitchingSourceViewController.h in Headers */,
				55A66108110A55B900FE0723 /* UKWindowBodyView.h in Headers */,
				55A66145110A63C200FE0723 /* NSBezierPathCappedBoxes.h in Headers */,
				55A66147110A63C200FE0723 /* UKFinderIconCell.h in Headers */,
			);
			runOnlyForDeploymentPostprocessing = 0;
		};
/* End PBXHeadersBuildPhase section */

/* Begin PBXNativeTarget section */
		55CD5BD221DFFDA700B5E004 /* MooseHelper */ = {
			isa = PBXNativeTarget;
			buildConfigurationList = 55CD5BE321DFFDAB00B5E004 /* Build configuration list for PBXNativeTarget "MooseHelper" */;
			buildPhases = (
				55CD5BCF21DFFDA700B5E004 /* Sources */,
				55CD5BD021DFFDA700B5E004 /* Frameworks */,
				55CD5BD121DFFDA700B5E004 /* Resources */,
			);
			buildRules = (
			);
			dependencies = (
			);
			name = MooseHelper;
			productName = MooseHelper;
			productReference = 55CD5BD321DFFDA700B5E004 /* RCKXACKVZS.com.thevoidsoftware.talkingmoose.macosx.helper.app */;
			productType = "com.apple.product-type.application";
		};
		8D1107260486CEB800E47090 /* Moose */ = {
			isa = PBXNativeTarget;
			buildConfigurationList = 3DBAA7240880496A0035E83A /* Build configuration list for PBXNativeTarget "Moose" */;
			buildPhases = (
				3D0FC5A20813D159003CD615 /* Determine Version */,
				8D1107270486CEB800E47090 /* Headers */,
				8D1107290486CEB800E47090 /* Resources */,
				8D11072C0486CEB800E47090 /* Sources */,
				8D11072E0486CEB800E47090 /* Frameworks */,
				3D3A1FEF09B1E1A800FB2B56 /* Build Helpbook */,
				55CD5BFD21E0411C00B5E004 /* Copy Login Agent */,
			);
			buildRules = (
			);
			dependencies = (
				55CD5BFF21E0414300B5E004 /* PBXTargetDependency */,
			);
			name = Moose;
			productInstallPath = "$(HOME)/Applications";
			productName = CocoaMoose;
			productReference = 8D1107320486CEB800E47090 /* Moose.app */;
			productType = "com.apple.product-type.application";
		};
/* End PBXNativeTarget section */

/* Begin PBXProject section */
		29B97313FDCFA39411CA2CEA /* Project object */ = {
			isa = PBXProject;
			attributes = {
				CLASSPREFIX = ULI;
				LastUpgradeCheck = 0410;
				ORGANIZATIONNAME = "The Void Software";
				TargetAttributes = {
					55CD5BD221DFFDA700B5E004 = {
						CreatedOnToolsVersion = 10.1;
						DevelopmentTeam = RCKXACKVZS;
						ProvisioningStyle = Automatic;
						SystemCapabilities = {
							com.apple.ApplicationGroups.Mac = {
								enabled = 1;
							};
						};
					};
					8D1107260486CEB800E47090 = {
						DevelopmentTeam = RCKXACKVZS;
						ProvisioningStyle = Automatic;
						SystemCapabilities = {
							com.apple.ApplicationGroups.Mac = {
								enabled = 1;
							};
							com.apple.Sandbox = {
								enabled = 1;
							};
						};
					};
				};
			};
			buildConfigurationList = 3DBAA7280880496A0035E83A /* Build configuration list for PBXProject "TalkingMoose" */;
			compatibilityVersion = "Xcode 3.2";
			developmentRegion = English;
			hasScannedForEncodings = 1;
			knownRegions = (
				English,
				Japanese,
				French,
				German,
				en,
				Base,
			);
			mainGroup = 29B97314FDCFA39411CA2CEA /* CocoaMoose */;
			projectDirPath = "";
			projectRoot = "";
			targets = (
				8D1107260486CEB800E47090 /* Moose */,
				55CD5BD221DFFDA700B5E004 /* MooseHelper */,
			);
		};
/* End PBXProject section */

/* Begin PBXResourcesBuildPhase section */
		55CD5BD121DFFDA700B5E004 /* Resources */ = {
			isa = PBXResourcesBuildPhase;
			buildActionMask = 2147483647;
			files = (
				55CD5BF421E017BA00B5E004 /* UKCrashReporter.xib in Resources */,
				55CD5BFA21E0197600B5E004 /* Animations in Resources */,
				55CD5BF321E017AB00B5E004 /* UKCrashReporter.strings in Resources */,
				55CD5BF821E018B900B5E004 /* tylerui_growbox.png in Resources */,
				55991E2F21EA4AC10016DAB9 /* Localizable.strings in Resources */,
				55ECF49721E062EE00792012 /* MooseAlphaIcon.icns in Resources */,
				55CD5BFB21E0197E00B5E004 /* Phrases in Resources */,
				55CD5BF721E018B600B5E004 /* tylerui_zoombox.png in Resources */,
				55CD5BDC21DFFDAA00B5E004 /* MainMenu.xib in Resources */,
			);
			runOnlyForDeploymentPostprocessing = 0;
		};
		8D1107290486CEB800E47090 /* Resources */ = {
			isa = PBXResourcesBuildPhase;
			buildActionMask = 2147483647;
			files = (
				8D11072B0486CEB800E47090 /* InfoPlist.strings in Resources */,
				5BBD989206B07F9F00FFE801 /* MooseAlphaIcon.icns in Resources */,
				3D8749A706CB0252007D365E /* Phrases in Resources */,
				3DF412D00796A168002DE6EF /* MiniMoose.tiff in Resources */,
				3DF412ED0796B9D0002DE6EF /* BandAid.tiff in Resources */,
				3DF413B10796FE2F002DE6EF /* MooseAnim.icns in Resources */,
				3DF41D480797264E002DE6EF /* Moose.scriptSuite in Resources */,
				3DF41D490797264E002DE6EF /* Moose.scriptTerminology in Resources */,
				3D791E9A0798EBB3009BA042 /* tylerui_zoombox.png in Resources */,
				55991E2E21EA4A7D0016DAB9 /* Animations in Resources */,
				3D791E9B0798EBB3009BA042 /* tylerui_growbox.png in Resources */,
				3D6439C60813BE0900B7779A /* Localizable.strings in Resources */,
				3DA3554F0884740F00825D47 /* MoosePhraseFileIcon.icns in Resources */,
				3D73E1E0088557C80067BEE3 /* PrefsTitle.png in Resources */,
				3D73E1F8088559F00067BEE3 /* window_bg.png in Resources */,
				3D05C3F5088875CD00DA756A /* Credits.html in Resources */,
				3D05C49D0888C68C00DA756A /* Moose Help in Resources */,
				3D567A190994FACB008FDECF /* UKCrashReporter.strings in Resources */,
				3DF9CB5309C7422800C7BBA8 /* PTKeyCodes.plist in Resources */,
				3DF9CB5409C7422800C7BBA8 /* PTKeyComboPanel.nib in Resources */,
				3DF9CB5A09C7423600C7BBA8 /* PTKeyboardIcon.tiff in Resources */,
				3DF5B7F10AA830D1000D2302 /* minus-8.png in Resources */,
				3DF5B7F20AA830D1000D2302 /* plus-8.png in Resources */,
				3DBE7AC80B9E279400526251 /* UKSplotchSynonyms.plist in Resources */,
				3DBE7AC90B9E279500526251 /* UKSplotchMainDictionary.plist in Resources */,
				3DBE7C2F0B9E499400526251 /* UKSplotchPlaces.plist in Resources */,
				3DBE7C300B9E499400526251 /* UKSplotchSchoolClasses.plist in Resources */,
				3DBE7C310B9E499400526251 /* UKSplotchAnimals.plist in Resources */,
				3DBE7C3C0B9E4B0800526251 /* UKSplotchProfessions.plist in Resources */,
				3DBE7C480B9E4EF600526251 /* UKSplotchPeople.plist in Resources */,
				3DBE7C610B9E539800526251 /* UKSplotchWeather.plist in Resources */,
				3DBE7C620B9E539800526251 /* UKSplotchFood.plist in Resources */,
				3DBE7C630B9E539800526251 /* UKSplotchLiquids.plist in Resources */,
				3D1E8E820CE29C5200334A8E /* loud.png in Resources */,
				3D1E8E840CE29C6200334A8E /* quiet.png in Resources */,
				55E27CA60E635104003A077C /* Blech.m4a in Resources */,
				55F8CB140E66043300DCF0D2 /* SpokenString.plist in Resources */,
				55F8CB150E66043300DCF0D2 /* SpokenString.aiff in Resources */,
				558FD4001115DE80008D69DC /* GoodbyeOldFriend.png in Resources */,
				55F3136E1127FBCD00BC5C68 /* MainMenu.xib in Resources */,
				559D6D0016160B83001E1D91 /* UKCrashReporter.xib in Resources */,
				559D6D0116160B83001E1D91 /* UKSpeechSettingsView.xib in Resources */,
			);
			runOnlyForDeploymentPostprocessing = 0;
		};
/* End PBXResourcesBuildPhase section */

/* Begin PBXShellScriptBuildPhase section */
		3D0FC5A20813D159003CD615 /* Determine Version */ = {
			isa = PBXShellScriptBuildPhase;
			buildActionMask = 2147483647;
			files = (
			);
			inputPaths = (
			);
			name = "Determine Version";
			outputPaths = (
			);
			runOnlyForDeploymentPostprocessing = 0;
			shellPath = /bin/bash;
			shellScript = "cd \"${SRCROOT}\"\n\"${PROJECT_DIR}/../UliKit/make_git_version_header.sh\"\n";
		};
		3D3A1FEF09B1E1A800FB2B56 /* Build Helpbook */ = {
			isa = PBXShellScriptBuildPhase;
			buildActionMask = 12;
			files = (
			);
			inputPaths = (
			);
			name = "Build Helpbook";
			outputPaths = (
			);
			runOnlyForDeploymentPostprocessing = 0;
			shellPath = /bin/bash;
			shellScript = "open -a /Developer/Applications/Utilities/Help\\ Indexer.app \"${BUILD_DIR}/${BUILD_STYLE}/${PRODUCT_NAME}.app/Contents/Resources/Moose Help/\"\nsleep 2\nosascript -e 'tell application \"Help Indexer\" to quit'";
		};
/* End PBXShellScriptBuildPhase section */

/* Begin PBXSourcesBuildPhase section */
		55CD5BCF21DFFDA700B5E004 /* Sources */ = {
			isa = PBXSourcesBuildPhase;
			buildActionMask = 2147483647;
			files = (
				55CD5BF121E0178200B5E004 /* UKCrashReporter.m in Sources */,
				55CD5BEA21DFFEBA00B5E004 /* UKMouthShape.m in Sources */,
				55CD5BED21DFFF0300B5E004 /* UKClickableImageView.m in Sources */,
				55CD5BDF21DFFDAA00B5E004 /* main.m in Sources */,
				55CD5BE621DFFEA400B5E004 /* UKGroupFile.m in Sources */,
				55CD5BE521DFFE9E00B5E004 /* UKPhraseDatabase.m in Sources */,
				55CD5BEE21DFFF0A00B5E004 /* UKWindowDraggingImageView.m in Sources */,
				553852A821E0E81E00AF7F69 /* UKApplicationListController.m in Sources */,
				55CD5BE921DFFEB700B5E004 /* UKMooseMouthImageRep.m in Sources */,
				55CD5BEC21DFFEFB00B5E004 /* NSFileManager+CreateDirectoriesForPath.m in Sources */,
				55CD5BF021E00BD500B5E004 /* UKSpeechSettingsView.m in Sources */,
				55CD5BFC21E019D300B5E004 /* NSImage+NiceScaling.m in Sources */,
				55CD5BE721DFFEAC00B5E004 /* UKMooseDragAreaView.m in Sources */,
				55CD5BE821DFFEB100B5E004 /* UKRecordedSpeechChannel.m in Sources */,
				55CD5BE421DFFE9A00B5E004 /* UKMooseController.m in Sources */,
				55CD5BF521E017EA00B5E004 /* UKSystemInfo.m in Sources */,
				55CD5BEF21DFFF1300B5E004 /* UKIdleTimer.m in Sources */,
				55CD5BF621E017F300B5E004 /* UKNibOwner.m in Sources */,
				55CD5BEB21DFFEF600B5E004 /* UKBorderlessWindow.m in Sources */,
				55CD5BD721DFFDA700B5E004 /* ULIMooseHelperAppDelegate.m in Sources */,
			);
			runOnlyForDeploymentPostprocessing = 0;
		};
		8D11072C0486CEB800E47090 /* Sources */ = {
			isa = PBXSourcesBuildPhase;
			buildActionMask = 2147483647;
			files = (
				5BBD987706B07F7900FFE801 /* UKSpeechSettingsView.m in Sources */,
				5BBD987906B07F7900FFE801 /* UKMooseController.m in Sources */,
				5BBD987F06B07F7900FFE801 /* UKMooseAppDelegate.m in Sources */,
				5BBD988006B07F7900FFE801 /* UKPhraseDatabase.m in Sources */,
				5BBD988F06B07F9F00FFE801 /* UKIdleTimer.m in Sources */,
				5BBD989106B07F9F00FFE801 /* UKGroupFile.m in Sources */,
				5BBD989306B07F9F00FFE801 /* NSArray+Color.m in Sources */,
				5BBD989706B07F9F00FFE801 /* main.m in Sources */,
				5BBD989906B07F9F00FFE801 /* UKClickableImageView.m in Sources */,
				5BBD989A06B07F9F00FFE801 /* NSImage+NiceScaling.m in Sources */,
				5BBD98A206B07FE600FFE801 /* UKBorderlessWindow.m in Sources */,
				3DF413D407970106002DE6EF /* NSFileManager+CreateDirectoriesForPath.m in Sources */,
				3DF41EEA0797466B002DE6EF /* UKSpeakStringCommand.m in Sources */,
				3DF41F3607974CAE002DE6EF /* UKSpeakRandomPhraseCommand.m in Sources */,
				3DF41F7507975218002DE6EF /* UKEnableSpeechCommand.m in Sources */,
				3DF41F7607975218002DE6EF /* UKDisableSpeechCommand.m in Sources */,
				3DA3545008841AB400825D47 /* UKApplicationListController.m in Sources */,
				3D05C45F08888A1600DA756A /* UKDocumentationController.m in Sources */,
				3D56781E0994F2D8008FDECF /* UKCrashReporter.m in Sources */,
				3DF9CB4409C741C800C7BBA8 /* PTHotKey.m in Sources */,
				3DF9CB4609C741C800C7BBA8 /* PTHotKeyCenter.m in Sources */,
				3DF9CB4809C741C800C7BBA8 /* PTKeyBroadcaster.m in Sources */,
				3DF9CB4A09C741C800C7BBA8 /* PTKeyCodeTranslator.m in Sources */,
				3DF9CB4C09C741C800C7BBA8 /* PTKeyCombo.m in Sources */,
				3DF9CB4E09C741C800C7BBA8 /* PTKeyComboPanel.m in Sources */,
				3D55636A09CB4E7B002608B2 /* UKAboutBox.m in Sources */,
				3DDF4F3B09D6B9180033B811 /* UKCarbonEventHandler.m in Sources */,
				3DE190020A275D750040D274 /* NSScreen+ScreenAtPoint.m in Sources */,
				3DF5B8030AA83246000D2302 /* UKSystemInfo.m in Sources */,
				3DBE7AC70B9E278B00526251 /* UKSplotchChatterbot.m in Sources */,
				55DBFB2A0C175901007D400D /* UKMoosePhraseologyDelegate.m in Sources */,
				3D8CABCA0CE4F7970046B187 /* UKMouthShape.m in Sources */,
				3D8CABCC0CE4F7970046B187 /* UKMooseMouthImageRep.m in Sources */,
				3D8CAD160CE5E80C0046B187 /* UKNibOwner.m in Sources */,
				557FD0C30E56FB0C000A1A11 /* UKMooseDragAreaView.m in Sources */,
				55F8CACA0E65F01C00DCF0D2 /* UKRecordedSpeechChannel.m in Sources */,
				55A660CC110A4F7700FE0723 /* UKWindowDraggingImageView.m in Sources */,
				55A66104110A559100FE0723 /* UKTabViewSwitchingSourceViewController.m in Sources */,
				55A66109110A55B900FE0723 /* UKWindowBodyView.m in Sources */,
				55A66146110A63C200FE0723 /* NSBezierPathCappedBoxes.m in Sources */,
				55A66148110A63C200FE0723 /* UKFinderIconCell.m in Sources */,
			);
			runOnlyForDeploymentPostprocessing = 0;
		};
/* End PBXSourcesBuildPhase section */

/* Begin PBXTargetDependency section */
		55CD5BFF21E0414300B5E004 /* PBXTargetDependency */ = {
			isa = PBXTargetDependency;
			target = 55CD5BD221DFFDA700B5E004 /* MooseHelper */;
			targetProxy = 55CD5BFE21E0414300B5E004 /* PBXContainerItemProxy */;
		};
/* End PBXTargetDependency section */

/* Begin PBXVariantGroup section */
		089C165CFE840E0CC02AAC07 /* InfoPlist.strings */ = {
			isa = PBXVariantGroup;
			children = (
				089C165DFE840E0CC02AAC07 /* English */,
			);
			name = InfoPlist.strings;
			sourceTree = "<group>";
		};
		3D567A170994FACB008FDECF /* UKCrashReporter.strings */ = {
			isa = PBXVariantGroup;
			children = (
				3D567A180994FACB008FDECF /* English */,
			);
			name = UKCrashReporter.strings;
			sourceTree = "<group>";
		};
		3DF5B7ED0AA830D1000D2302 /* minus-8.png */ = {
			isa = PBXVariantGroup;
			children = (
				3DF5B7EE0AA830D1000D2302 /* English */,
			);
			name = "minus-8.png";
			sourceTree = "<group>";
		};
		3DF5B7EF0AA830D1000D2302 /* plus-8.png */ = {
			isa = PBXVariantGroup;
			children = (
				3DF5B7F00AA830D1000D2302 /* English */,
			);
			name = "plus-8.png";
			sourceTree = "<group>";
		};
		3DF9CB4F09C7422800C7BBA8 /* PTKeyCodes.plist */ = {
			isa = PBXVariantGroup;
			children = (
				3DF9CB5009C7422800C7BBA8 /* English */,
				3DF9CB5B09C7424800C7BBA8 /* French */,
				3DF9CB6809C7425700C7BBA8 /* German */,
				3DF9CB7209C7426800C7BBA8 /* Japanese */,
			);
			name = PTKeyCodes.plist;
			sourceTree = "<group>";
		};
		3DF9CB5109C7422800C7BBA8 /* PTKeyComboPanel.nib */ = {
			isa = PBXVariantGroup;
			children = (
				3DF9CB5209C7422800C7BBA8 /* English */,
				3DF9CB5C09C7424800C7BBA8 /* French */,
				3DF9CB6909C7425700C7BBA8 /* German */,
				3DF9CB7309C7426800C7BBA8 /* Japanese */,
			);
			name = PTKeyComboPanel.nib;
			sourceTree = "<group>";
		};
		559D6CFC16160B83001E1D91 /* UKCrashReporter.xib */ = {
			isa = PBXVariantGroup;
			children = (
				559D6CFD16160B83001E1D91 /* English */,
			);
			name = UKCrashReporter.xib;
			sourceTree = "<group>";
		};
		559D6CFE16160B83001E1D91 /* UKSpeechSettingsView.xib */ = {
			isa = PBXVariantGroup;
			children = (
				559D6CFF16160B83001E1D91 /* English */,
			);
			name = UKSpeechSettingsView.xib;
			sourceTree = "<group>";
		};
		55CD5BDA21DFFDAA00B5E004 /* MainMenu.xib */ = {
			isa = PBXVariantGroup;
			children = (
				55CD5BDB21DFFDAA00B5E004 /* Base */,
			);
			name = MainMenu.xib;
			sourceTree = "<group>";
		};
		55F3136C1127FBCD00BC5C68 /* MainMenu.xib */ = {
			isa = PBXVariantGroup;
			children = (
				55F3136D1127FBCD00BC5C68 /* English */,
			);
			name = MainMenu.xib;
			sourceTree = "<group>";
		};
/* End PBXVariantGroup section */

/* Begin XCBuildConfiguration section */
		3DBAA7250880496A0035E83A /* Debug */ = {
			isa = XCBuildConfiguration;
			buildSettings = {
				ARCHS = "$(NATIVE_ARCH_ACTUAL)";
				CODE_SIGN_ENTITLEMENTS = Moose/Moose.entitlements;
				CODE_SIGN_IDENTITY = "Mac Developer";
				CODE_SIGN_STYLE = Automatic;
				COPY_PHASE_STRIP = NO;
				DEBUGGING_SYMBOLS = YES;
				DEVELOPMENT_TEAM = RCKXACKVZS;
				FRAMEWORK_SEARCH_PATHS = "";
				GCC_DYNAMIC_NO_PIC = NO;
				GCC_ENABLE_TRIGRAPHS = NO;
				GCC_GENERATE_DEBUGGING_SYMBOLS = YES;
				GCC_OPTIMIZATION_LEVEL = 0;
				GCC_WARN_ABOUT_MISSING_PROTOTYPES = NO;
				GCC_WARN_FOUR_CHARACTER_CONSTANTS = NO;
				HEADER_SEARCH_PATHS = (
					"$(PROJECT_DIR)/../UliKit/",
					"$(PROJECT_DIR)/../MooseBetterLipSync/",
					"$(PROJECT_DIR)/../HotKeysLib3/PTHotKeysLib/src/",
					"$(PROJECT_DIR)/../UKDistributedView/",
					"$(PROJECT_DIR)/",
					"$(PROJECT_DIR)/../UKDistributedView/UKFinderIconCell/",
				);
				INFOPLIST_FILE = Info.plist;
				INSTALL_PATH = "$(HOME)/Applications";
				LIBRARY_SEARCH_PATHS = "";
				OTHER_LDFLAGS = "";
				PRODUCT_BUNDLE_IDENTIFIER = com.thevoidsoftware.talkingmoose.macosx;
				PRODUCT_NAME = Moose;
				PROVISIONING_PROFILE_SPECIFIER = "";
				SECTORDER_FLAGS = "";
				VERSIONING_SYSTEM = "";
				WARNING_CFLAGS = (
					"-Wmost",
					"-Wno-four-char-constants",
					"-Wno-unknown-pragmas",
				);
				WRAPPER_EXTENSION = app;
				ZERO_LINK = YES;
			};
			name = Debug;
		};
		3DBAA7260880496A0035E83A /* Release */ = {
			isa = XCBuildConfiguration;
			buildSettings = {
				CODE_SIGN_ENTITLEMENTS = Moose/Moose.entitlements;
				CODE_SIGN_IDENTITY = "Mac Developer";
				CODE_SIGN_STYLE = Automatic;
				COPY_PHASE_STRIP = YES;
				DEVELOPMENT_TEAM = RCKXACKVZS;
				FRAMEWORK_SEARCH_PATHS = "";
				GCC_ENABLE_TRIGRAPHS = NO;
				GCC_GENERATE_DEBUGGING_SYMBOLS = NO;
				GCC_WARN_ABOUT_MISSING_PROTOTYPES = NO;
				GCC_WARN_FOUR_CHARACTER_CONSTANTS = NO;
				HEADER_SEARCH_PATHS = (
					"$(PROJECT_DIR)/../UliKit/",
					"$(PROJECT_DIR)/../MooseBetterLipSync/",
					"$(PROJECT_DIR)/../HotKeysLib3/PTHotKeysLib/src/",
					"$(PROJECT_DIR)/../UKDistributedView/",
					"$(PROJECT_DIR)/",
					"$(PROJECT_DIR)/../UKDistributedView/UKFinderIconCell/",
				);
				INFOPLIST_FILE = Info.plist;
				INSTALL_PATH = "$(HOME)/Applications";
				LIBRARY_SEARCH_PATHS = "";
				OTHER_LDFLAGS = "";
				PRODUCT_BUNDLE_IDENTIFIER = com.thevoidsoftware.talkingmoose.macosx;
				PRODUCT_NAME = Moose;
				PROVISIONING_PROFILE_SPECIFIER = "";
				SECTORDER_FLAGS = "";
				VERSIONING_SYSTEM = "";
				WARNING_CFLAGS = (
					"-Wmost",
					"-Wno-four-char-constants",
					"-Wno-unknown-pragmas",
				);
				WRAPPER_EXTENSION = app;
				ZERO_LINK = NO;
			};
			name = Release;
		};
		3DBAA7290880496A0035E83A /* Debug */ = {
			isa = XCBuildConfiguration;
			buildSettings = {
				ALWAYS_SEARCH_USER_PATHS = NO;
				DEVELOPMENT_TEAM = RCKXACKVZS;
				GCC_PREPROCESSOR_DEFINITIONS = "DEBUG=1";
				GCC_WARN_UNKNOWN_PRAGMAS = YES;
				MACOSX_DEPLOYMENT_TARGET = 10.14;
				OTHER_CFLAGS = "-DUKApplicationGroupID=\"$(TeamIdentifierPrefix)com.thevoidsoftware\"";
				SDKROOT = macosx;
				SUPPORTED_PLATFORMS = macosx;
				USE_HEADERMAP = NO;
				VALID_ARCHS = x86_64;
			};
			name = Debug;
		};
		3DBAA72A0880496A0035E83A /* Release */ = {
			isa = XCBuildConfiguration;
			buildSettings = {
				ALWAYS_SEARCH_USER_PATHS = NO;
				DEPLOYMENT_POSTPROCESSING = YES;
				DEVELOPMENT_TEAM = RCKXACKVZS;
				GCC_WARN_UNKNOWN_PRAGMAS = YES;
				MACOSX_DEPLOYMENT_TARGET = 10.14;
				OTHER_CFLAGS = "-DUKApplicationGroupID=\"$(TeamIdentifierPrefix)com.thevoidsoftware\"";
				SDKROOT = macosx;
				SUPPORTED_PLATFORMS = macosx;
				USE_HEADERMAP = NO;
				VALID_ARCHS = x86_64;
			};
			name = Release;
		};
		55CD5BE121DFFDAB00B5E004 /* Debug */ = {
			isa = XCBuildConfiguration;
			buildSettings = {
				CLANG_ANALYZER_NONNULL = YES;
				CLANG_ANALYZER_NUMBER_OBJECT_CONVERSION = YES_AGGRESSIVE;
				CLANG_CXX_LANGUAGE_STANDARD = "gnu++14";
				CLANG_CXX_LIBRARY = "libc++";
				CLANG_ENABLE_MODULES = YES;
				CLANG_ENABLE_OBJC_ARC = NO;
				CLANG_ENABLE_OBJC_WEAK = YES;
				CLANG_WARN_BLOCK_CAPTURE_AUTORELEASING = YES;
				CLANG_WARN_BOOL_CONVERSION = YES;
				CLANG_WARN_COMMA = YES;
				CLANG_WARN_CONSTANT_CONVERSION = YES;
				CLANG_WARN_DEPRECATED_OBJC_IMPLEMENTATIONS = YES;
				CLANG_WARN_DIRECT_OBJC_ISA_USAGE = YES_ERROR;
				CLANG_WARN_DOCUMENTATION_COMMENTS = YES;
				CLANG_WARN_EMPTY_BODY = YES;
				CLANG_WARN_ENUM_CONVERSION = YES;
				CLANG_WARN_INFINITE_RECURSION = YES;
				CLANG_WARN_INT_CONVERSION = YES;
				CLANG_WARN_NON_LITERAL_NULL_CONVERSION = YES;
				CLANG_WARN_OBJC_IMPLICIT_RETAIN_SELF = YES;
				CLANG_WARN_OBJC_LITERAL_CONVERSION = YES;
				CLANG_WARN_OBJC_ROOT_CLASS = YES_ERROR;
				CLANG_WARN_RANGE_LOOP_ANALYSIS = YES;
				CLANG_WARN_STRICT_PROTOTYPES = YES;
				CLANG_WARN_SUSPICIOUS_MOVE = YES;
				CLANG_WARN_UNGUARDED_AVAILABILITY = YES_AGGRESSIVE;
				CLANG_WARN_UNREACHABLE_CODE = YES;
				CLANG_WARN__DUPLICATE_METHOD_MATCH = YES;
				CODE_SIGN_ENTITLEMENTS = MooseHelper/MooseHelper.entitlements;
				CODE_SIGN_IDENTITY = "Mac Developer";
				CODE_SIGN_STYLE = Automatic;
				COMBINE_HIDPI_IMAGES = YES;
				COPY_PHASE_STRIP = NO;
				DEBUG_INFORMATION_FORMAT = dwarf;
				DEVELOPMENT_TEAM = RCKXACKVZS;
				ENABLE_STRICT_OBJC_MSGSEND = YES;
				ENABLE_TESTABILITY = YES;
				GCC_C_LANGUAGE_STANDARD = gnu11;
				GCC_DYNAMIC_NO_PIC = NO;
				GCC_NO_COMMON_BLOCKS = YES;
				GCC_OPTIMIZATION_LEVEL = 0;
				GCC_PREPROCESSOR_DEFINITIONS = (
					"DEBUG=1",
					"$(inherited)",
				);
				GCC_WARN_64_TO_32_BIT_CONVERSION = YES;
				GCC_WARN_ABOUT_RETURN_TYPE = YES_ERROR;
				GCC_WARN_UNDECLARED_SELECTOR = YES;
				GCC_WARN_UNINITIALIZED_AUTOS = YES_AGGRESSIVE;
				GCC_WARN_UNUSED_FUNCTION = YES;
				GCC_WARN_UNUSED_VARIABLE = YES;
				HEADER_SEARCH_PATHS = (
					"$(PROJECT_DIR)/../UliKit/",
					"$(PROJECT_DIR)/../MooseBetterLipSync/",
					"$(PROJECT_DIR)/../HotKeysLib3/PTHotKeysLib/src/",
					"$(PROJECT_DIR)/../UKDistributedView/",
					"$(PROJECT_DIR)/../UKDistributedView/UKFinderIconCell/",
					"$(BUILD_DIR)/",
					"$(PROJECT_DIR)/",
				);
				INFOPLIST_FILE = MooseHelper/Info.plist;
				LD_RUNPATH_SEARCH_PATHS = "$(inherited) @executable_path/../Frameworks";
				MTL_ENABLE_DEBUG_INFO = INCLUDE_SOURCE;
				MTL_FAST_MATH = YES;
				ONLY_ACTIVE_ARCH = YES;
				PRODUCT_BUNDLE_IDENTIFIER = RCKXACKVZS.com.thevoidsoftware.talkingmoose.macosx.helper;
				PRODUCT_NAME = "$(PRODUCT_BUNDLE_IDENTIFIER)";
			};
			name = Debug;
		};
		55CD5BE221DFFDAB00B5E004 /* Release */ = {
			isa = XCBuildConfiguration;
			buildSettings = {
				CLANG_ANALYZER_NONNULL = YES;
				CLANG_ANALYZER_NUMBER_OBJECT_CONVERSION = YES_AGGRESSIVE;
				CLANG_CXX_LANGUAGE_STANDARD = "gnu++14";
				CLANG_CXX_LIBRARY = "libc++";
				CLANG_ENABLE_MODULES = YES;
				CLANG_ENABLE_OBJC_ARC = NO;
				CLANG_ENABLE_OBJC_WEAK = YES;
				CLANG_WARN_BLOCK_CAPTURE_AUTORELEASING = YES;
				CLANG_WARN_BOOL_CONVERSION = YES;
				CLANG_WARN_COMMA = YES;
				CLANG_WARN_CONSTANT_CONVERSION = YES;
				CLANG_WARN_DEPRECATED_OBJC_IMPLEMENTATIONS = YES;
				CLANG_WARN_DIRECT_OBJC_ISA_USAGE = YES_ERROR;
				CLANG_WARN_DOCUMENTATION_COMMENTS = YES;
				CLANG_WARN_EMPTY_BODY = YES;
				CLANG_WARN_ENUM_CONVERSION = YES;
				CLANG_WARN_INFINITE_RECURSION = YES;
				CLANG_WARN_INT_CONVERSION = YES;
				CLANG_WARN_NON_LITERAL_NULL_CONVERSION = YES;
				CLANG_WARN_OBJC_IMPLICIT_RETAIN_SELF = YES;
				CLANG_WARN_OBJC_LITERAL_CONVERSION = YES;
				CLANG_WARN_OBJC_ROOT_CLASS = YES_ERROR;
				CLANG_WARN_RANGE_LOOP_ANALYSIS = YES;
				CLANG_WARN_STRICT_PROTOTYPES = YES;
				CLANG_WARN_SUSPICIOUS_MOVE = YES;
				CLANG_WARN_UNGUARDED_AVAILABILITY = YES_AGGRESSIVE;
				CLANG_WARN_UNREACHABLE_CODE = YES;
				CLANG_WARN__DUPLICATE_METHOD_MATCH = YES;
				CODE_SIGN_ENTITLEMENTS = MooseHelper/MooseHelper.entitlements;
				CODE_SIGN_IDENTITY = "Mac Developer";
				CODE_SIGN_STYLE = Automatic;
				COMBINE_HIDPI_IMAGES = YES;
				COPY_PHASE_STRIP = NO;
				DEBUG_INFORMATION_FORMAT = "dwarf-with-dsym";
				DEVELOPMENT_TEAM = RCKXACKVZS;
				ENABLE_NS_ASSERTIONS = NO;
				ENABLE_STRICT_OBJC_MSGSEND = YES;
				GCC_C_LANGUAGE_STANDARD = gnu11;
				GCC_NO_COMMON_BLOCKS = YES;
				GCC_WARN_64_TO_32_BIT_CONVERSION = YES;
				GCC_WARN_ABOUT_RETURN_TYPE = YES_ERROR;
				GCC_WARN_UNDECLARED_SELECTOR = YES;
				GCC_WARN_UNINITIALIZED_AUTOS = YES_AGGRESSIVE;
				GCC_WARN_UNUSED_FUNCTION = YES;
				GCC_WARN_UNUSED_VARIABLE = YES;
				HEADER_SEARCH_PATHS = (
					"$(PROJECT_DIR)/../UliKit/",
					"$(PROJECT_DIR)/../MooseBetterLipSync/",
					"$(PROJECT_DIR)/../HotKeysLib3/PTHotKeysLib/src/",
					"$(PROJECT_DIR)/../UKDistributedView/",
					"$(PROJECT_DIR)/../UKDistributedView/UKFinderIconCell/",
					"$(BUILD_DIR)/",
					"$(PROJECT_DIR)/",
				);
				INFOPLIST_FILE = MooseHelper/Info.plist;
				LD_RUNPATH_SEARCH_PATHS = "$(inherited) @executable_path/../Frameworks";
				MTL_ENABLE_DEBUG_INFO = NO;
				MTL_FAST_MATH = YES;
				PRODUCT_BUNDLE_IDENTIFIER = RCKXACKVZS.com.thevoidsoftware.talkingmoose.macosx.helper;
				PRODUCT_NAME = "$(PRODUCT_BUNDLE_IDENTIFIER)";
			};
			name = Release;
		};
/* End XCBuildConfiguration section */

/* Begin XCConfigurationList section */
		3DBAA7240880496A0035E83A /* Build configuration list for PBXNativeTarget "Moose" */ = {
			isa = XCConfigurationList;
			buildConfigurations = (
				3DBAA7250880496A0035E83A /* Debug */,
				3DBAA7260880496A0035E83A /* Release */,
			);
			defaultConfigurationIsVisible = 0;
			defaultConfigurationName = Release;
		};
		3DBAA7280880496A0035E83A /* Build configuration list for PBXProject "TalkingMoose" */ = {
			isa = XCConfigurationList;
			buildConfigurations = (
				3DBAA7290880496A0035E83A /* Debug */,
				3DBAA72A0880496A0035E83A /* Release */,
			);
			defaultConfigurationIsVisible = 0;
			defaultConfigurationName = Release;
		};
		55CD5BE321DFFDAB00B5E004 /* Build configuration list for PBXNativeTarget "MooseHelper" */ = {
			isa = XCConfigurationList;
			buildConfigurations = (
				55CD5BE121DFFDAB00B5E004 /* Debug */,
				55CD5BE221DFFDAB00B5E004 /* Release */,
			);
			defaultConfigurationIsVisible = 0;
			defaultConfigurationName = Release;
		};
/* End XCConfigurationList section */
	};
	rootObject = 29B97313FDCFA39411CA2CEA /* Project object */;
}
